
Microsoft Visual Studio Solution File, Format Version 12.00
# Visual Studio 14
VisualStudioVersion = 14.0.25420.1
MinimumVisualStudioVersion = 10.0.40219.1
Project("{2150E333-8FDC-42A3-9474-1A3956D46DE8}") = "sw_en", "sw_en", "{2103852C-828A-4D0B-AEB7-0BCE9168AF35}"
EndProject
Project("{2150E333-8FDC-42A3-9474-1A3956D46DE8}") = "MODULES", "MODULES", "{7239374F-E8CD-4AB3-B6FC-181D1525AF71}"
EndProject
Project("{2150E333-8FDC-42A3-9474-1A3956D46DE8}") = "FEM", "FEM", "{31ABDBB2-53AB-4296-A003-E91CECB9CE51}"
EndProject
Project("{2150E333-8FDC-42A3-9474-1A3956D46DE8}") = "TOPO", "TOPO", "{BE103440-EDD6-44DC-A809-66CC652C000B}"
EndProject
Project("{2150E333-8FDC-42A3-9474-1A3956D46DE8}") = "GUI", "GUI", "{BCCCE669-52A8-412E-9639-7DD7AE416B7D}"
EndProject
Project("{2150E333-8FDC-42A3-9474-1A3956D46DE8}") = "GENERAL", "GENERAL", "{1E958905-DA17-42F6-B93D-5CE937F29859}"
EndProject
Project("{2150E333-8FDC-42A3-9474-1A3956D46DE8}") = "MATERIAL", "MATERIAL", "{2C886785-68C0-4518-A61D-BE002F0EF494}"
EndProject
Project("{2150E333-8FDC-42A3-9474-1A3956D46DE8}") = "DATABASE", "DATABASE", "{AE4032E0-1F69-423B-89B7-8AC14D6ED859}"
EndProject
Project("{FAE04EC0-301F-11D3-BF4B-00C04F79EFBC}") = "SW_EN", "sw_en\SW_EN.csproj", "{8D8A9215-1A12-4970-9CAB-09762D182642}"
	ProjectSection(ProjectDependencies) = postProject
		{22C05C80-D91F-424F-97B0-860C475FFD76} = {22C05C80-D91F-424F-97B0-860C475FFD76}
		{0E2ADCC8-209E-4FCC-9AC2-D0C7EEA8AC26} = {0E2ADCC8-209E-4FCC-9AC2-D0C7EEA8AC26}
	EndProjectSection
EndProject
Project("{FAE04EC0-301F-11D3-BF4B-00C04F79EFBC}") = "M_BASE", "MODULES\M_BASE\M_BASE.csproj", "{AD3E14F4-72C6-476E-B67F-93CC194E0E02}"
EndProject
Project("{FAE04EC0-301F-11D3-BF4B-00C04F79EFBC}") = "M_EC1", "MODULES\M_EC1\M_EC1.csproj", "{9764D1BF-A2B3-45D6-AB93-050DCE30830C}"
EndProject
Project("{FAE04EC0-301F-11D3-BF4B-00C04F79EFBC}") = "M_EC2", "MODULES\M_EC2\M_EC2.csproj", "{5F7F75F6-D383-4B86-9406-EC68C75090C6}"
EndProject
Project("{FAE04EC0-301F-11D3-BF4B-00C04F79EFBC}") = "M_EC3", "MODULES\M_EC3\M_EC3.csproj", "{515CE0E4-0E37-453D-869E-2A651557389E}"
	ProjectSection(ProjectDependencies) = postProject
		{AD3E14F4-72C6-476E-B67F-93CC194E0E02} = {AD3E14F4-72C6-476E-B67F-93CC194E0E02}
	EndProjectSection
EndProject
Project("{FAE04EC0-301F-11D3-BF4B-00C04F79EFBC}") = "M_EC4", "MODULES\M_EC4\M_EC4.csproj", "{B18D348E-0355-4CFD-91A9-FD8D30FE2B74}"
EndProject
Project("{FAE04EC0-301F-11D3-BF4B-00C04F79EFBC}") = "M_EC5", "MODULES\M_EC5\M_EC5.csproj", "{62C43A87-8703-4264-B7CF-46F7A1A9F918}"
EndProject
Project("{FAE04EC0-301F-11D3-BF4B-00C04F79EFBC}") = "M_EC6", "MODULES\M_EC6\M_EC6.csproj", "{88087731-387C-4A65-9644-9E17339AB10C}"
EndProject
Project("{FAE04EC0-301F-11D3-BF4B-00C04F79EFBC}") = "M_EC7", "MODULES\M_EC7\M_EC7.csproj", "{A18F3BFB-3A2B-4191-9AC6-B52958367616}"
EndProject
Project("{FAE04EC0-301F-11D3-BF4B-00C04F79EFBC}") = "M_EC8", "MODULES\M_EC8\M_EC8.csproj", "{6FE7FFA4-0A03-4891-B796-878EF414AC28}"
EndProject
Project("{FAE04EC0-301F-11D3-BF4B-00C04F79EFBC}") = "M_EC9", "MODULES\M_EC9\M_EC9.csproj", "{B37DD6B9-7A5E-412B-A45B-05AD0ABF573E}"
	ProjectSection(ProjectDependencies) = postProject
		{AD3E14F4-72C6-476E-B67F-93CC194E0E02} = {AD3E14F4-72C6-476E-B67F-93CC194E0E02}
	EndProjectSection
EndProject
Project("{FAE04EC0-301F-11D3-BF4B-00C04F79EFBC}") = "sw_en_GUI", "sw_en_GUI\sw_en_GUI.csproj", "{76F7949B-0055-4004-BF34-BDED850AE842}"
EndProject
Project("{FAE04EC0-301F-11D3-BF4B-00C04F79EFBC}") = "DATABASE", "DATABASE\DATABASE.csproj", "{84EC019C-BD16-4774-91D4-E50CFB2E62E3}"
EndProject
Project("{FAE04EC0-301F-11D3-BF4B-00C04F79EFBC}") = "MATERIAL", "MATERIAL\MATERIAL.csproj", "{864D95AD-46AE-4198-B7F3-D5BBE1245208}"
EndProject
Project("{2150E333-8FDC-42A3-9474-1A3956D46DE8}") = "Shared Libraries", "Shared Libraries", "{912C220B-4C7E-4D26-B181-8023F3E884AA}"
EndProject
Project("{FAE04EC0-301F-11D3-BF4B-00C04F79EFBC}") = "SharedLibraries", "SharedLibraries\SharedLibraries\SharedLibraries.csproj", "{28044445-E8DD-4041-B534-3FEE5C07237F}"
EndProject
Project("{FAE04EC0-301F-11D3-BF4B-00C04F79EFBC}") = "FEM_CALC_1Din2D", "FEM\FEM_CALC_1Din2D\FEM_CALC_1Din2D.csproj", "{602C8862-99F4-4595-A033-84194DDFE00A}"
EndProject
Project("{FAE04EC0-301F-11D3-BF4B-00C04F79EFBC}") = "FEM_CALC_1Din3D", "FEM\FEM_CALC_1Din3D\FEM_CALC_1Din3D.csproj", "{C027BE8A-6935-4525-BB39-A1A2F2F8C0D7}"
EndProject
Project("{FAE04EC0-301F-11D3-BF4B-00C04F79EFBC}") = "AAC", "AAC\AAC.csproj", "{D046772D-CE7A-4245-B490-EC805829837A}"
	ProjectSection(ProjectDependencies) = postProject
		{5F603892-DE40-4246-A969-1C6717AFE35D} = {5F603892-DE40-4246-A969-1C6717AFE35D}
	EndProjectSection
EndProject
Project("{2150E333-8FDC-42A3-9474-1A3956D46DE8}") = "AAC", "AAC", "{93773F05-D757-4272-8510-486E919C2018}"
EndProject
Project("{FAE04EC0-301F-11D3-BF4B-00C04F79EFBC}") = "PFD", "PFD\PFD.csproj", "{F53DE883-CBC6-4E3B-9455-0DD480CA6CC1}"
EndProject
Project("{2150E333-8FDC-42A3-9474-1A3956D46DE8}") = "PFD", "PFD", "{F2584B6B-5FDD-4F8C-8FD8-23E0A348DF13}"
EndProject
Project("{2150E333-8FDC-42A3-9474-1A3956D46DE8}") = "3D", "3D", "{53B3F288-7428-42E5-9436-E45EB1F373DF}"
EndProject
Project("{FAE04EC0-301F-11D3-BF4B-00C04F79EFBC}") = "Petzold.Media3D", "3D\Petzold.Media3D.csproj", "{BEBED159-4DB6-4550-8342-7F3607177B71}"
EndProject
Project("{2150E333-8FDC-42A3-9474-1A3956D46DE8}") = "SBD", "SBD", "{F9FDE9D6-5923-4A29-81BF-94A0238CA4C0}"
EndProject
Project("{FAE04EC0-301F-11D3-BF4B-00C04F79EFBC}") = "SBD", "SBD\SBD.csproj", "{E9A70D5A-6ED3-43F2-98B1-15F1ACC89357}"
EndProject
Project("{2150E333-8FDC-42A3-9474-1A3956D46DE8}") = "Test Projects", "Test Projects", "{14CFC29E-FCF8-42C0-AA2E-9292034B04C0}"
EndProject
Project("{FAE04EC0-301F-11D3-BF4B-00C04F79EFBC}") = "FEM_CALC_BASE", "FEM\FEM_CALC_BASE\FEM_CALC_BASE.csproj", "{1AD8C2C0-40CF-4C23-A715-43214CD8DB89}"
EndProject
Project("{FAE04EC0-301F-11D3-BF4B-00C04F79EFBC}") = "3DTools", "GUI\3DTools-1.0-src\3DTools\3DTools.csproj", "{5F603892-DE40-4246-A969-1C6717AFE35D}"
EndProject
Project("{FAE04EC0-301F-11D3-BF4B-00C04F79EFBC}") = "InteractiveViewport3DSample", "GUI\3DTools-1.0-src\Samples\InteractiveViewport3DSample\InteractiveViewport3DSample.csproj", "{6E88F38A-029E-4BDE-8CFB-AD4898826FDF}"
EndProject
Project("{FAE04EC0-301F-11D3-BF4B-00C04F79EFBC}") = "ModelViewer", "GUI\3DTools-1.0-src\Samples\ModelViewer\ModelViewer.csproj", "{0231FAF0-6A94-4211-8C62-82043BD747AD}"
EndProject
Project("{FAE04EC0-301F-11D3-BF4B-00C04F79EFBC}") = "TestDxfDocument", "Test Projects\TestDxfDocument\TestDxfDocument.csproj", "{65B33B00-93CE-484A-8023-7A9BA972D4D1}"
EndProject
Project("{FAE04EC0-301F-11D3-BF4B-00C04F79EFBC}") = "Test_CRSC_Viewer", "Test Projects\TestCRSCViewer\Test_CRSC_Viewer.csproj", "{D54FA90D-3C90-42D1-B58D-BC345EC34325}"
EndProject
Project("{FAE04EC0-301F-11D3-BF4B-00C04F79EFBC}") = "netDxf", "GENERAL\netDxf\netDxf.csproj", "{785380E0-CEB9-4C34-82E5-60D0E33E848E}"
EndProject
Project("{FAE04EC0-301F-11D3-BF4B-00C04F79EFBC}") = "BaseClasses", "TOPO\BaseClasses\BaseClasses.csproj", "{41236339-3F00-4767-8150-24B22A54E8D5}"
EndProject
Project("{FAE04EC0-301F-11D3-BF4B-00C04F79EFBC}") = "Examples", "GENERAL\Examples\Examples.csproj", "{9FE2CAF6-E5EA-4A35-80A8-38956C08025D}"
EndProject
Project("{FAE04EC0-301F-11D3-BF4B-00C04F79EFBC}") = "EXPIMP", "GENERAL\EXPIMP\EXPIMP.csproj", "{22C05C80-D91F-424F-97B0-860C475FFD76}"
EndProject
Project("{FAE04EC0-301F-11D3-BF4B-00C04F79EFBC}") = "MATH", "GENERAL\MATH\MATH.csproj", "{0E2ADCC8-209E-4FCC-9AC2-D0C7EEA8AC26}"
EndProject
Project("{FAE04EC0-301F-11D3-BF4B-00C04F79EFBC}") = "M_AS4600", "MODULES\M_AS4600\M_AS4600.csproj", "{209738F7-CDB3-4C11-98A3-E345299D9191}"
EndProject
Project("{2150E333-8FDC-42A3-9474-1A3956D46DE8}") = "CRSC", "CRSC", "{8A01D9B6-92A4-4C23-9F0C-600389FC3D18}"
EndProject
Project("{FAE04EC0-301F-11D3-BF4B-00C04F79EFBC}") = "CRSC", "CRSC\CRSC.csproj", "{FFB65036-8DD2-4633-B25A-D5A65D7213BD}"
EndProject
Project("{FAE04EC0-301F-11D3-BF4B-00C04F79EFBC}") = "TestConcoleApp", "ConsoleApplication1\TestConcoleApp.csproj", "{C47F562B-67A6-4E58-B6CC-C547DE5A61FC}"
EndProject
Project("{FAE04EC0-301F-11D3-BF4B-00C04F79EFBC}") = "TwoOpt", "Test Projects\TwoOpt\TwoOpt.csproj", "{7A2ECCC8-7762-4A4F-B2F2-11EF555281B7}"
EndProject
Project("{FAE04EC0-301F-11D3-BF4B-00C04F79EFBC}") = "M_NZS3101", "M_NZS3101\M_NZS3101.csproj", "{38B77165-5E1C-4CE7-8662-33D8EBF853B1}"
EndProject
Project("{2150E333-8FDC-42A3-9474-1A3956D46DE8}") = "Setup", "Setup", "{E380D78C-3BFC-4FCB-B5A1-84CD77C5BF97}"
EndProject
Project("{54435603-DBB4-11D2-8724-00A0C9A8B90C}") = "SetupPurlinDesigner", "SetupPurlinDesigner\SetupPurlinDesigner.vdproj", "{0EAA90DF-E589-4D77-A584-CD27E07E1695}"
EndProject
Project("{FAE04EC0-301F-11D3-BF4B-00C04F79EFBC}") = "BriefFiniteElementNet", "FEM\BriefFiniteElementNet\BriefFiniteElementNet.csproj", "{7CDA20D4-9BC8-4BC3-9F22-CB86CD4DC3E1}"
EndProject
Project("{FAE04EC0-301F-11D3-BF4B-00C04F79EFBC}") = "BriefFiniteElementNet.BenchmarkApplication", "FEM\BriefFiniteElementNet.BenchmarkApplication\BriefFiniteElementNet.BenchmarkApplication.csproj", "{2387F8E3-9743-42F0-8BEF-F3863838F114}"
EndProject
Project("{FAE04EC0-301F-11D3-BF4B-00C04F79EFBC}") = "BriefFiniteElementNet.CodeProjectExamples", "FEM\BriefFiniteElementNet.CodeProjectExamples\BriefFiniteElementNet.CodeProjectExamples.csproj", "{24EBA191-F9E3-47CF-B0FE-865B6243A354}"
EndProject
Project("{FAE04EC0-301F-11D3-BF4B-00C04F79EFBC}") = "BriefFiniteElementNet.Common", "FEM\BriefFiniteElementNet.Common\BriefFiniteElementNet.Common.csproj", "{82C63C6B-651A-4308-8B89-B4C643F3A7C2}"
EndProject
Project("{FAE04EC0-301F-11D3-BF4B-00C04F79EFBC}") = "BriefFiniteElementNet.Controls", "FEM\BriefFiniteElementNet.Controls\BriefFiniteElementNet.Controls.csproj", "{8DABDE62-8A8E-4153-B753-3A62015A9C16}"
EndProject
Project("{FAE04EC0-301F-11D3-BF4B-00C04F79EFBC}") = "BriefFiniteElementNet.DebuggerVisualizers-VS2015", "FEM\BriefFiniteElementNet.DebuggerVisualizers\BriefFiniteElementNet.DebuggerVisualizers-VS2015.csproj", "{E12A7AD9-780B-4ADC-8C08-C7D5FD63C18B}"
EndProject
Project("{FAE04EC0-301F-11D3-BF4B-00C04F79EFBC}") = "BriefFiniteElementNet.TestConsole", "FEM\BriefFiniteElementNet.TestConsole\BriefFiniteElementNet.TestConsole.csproj", "{1DD7D04E-0DFB-49BD-AAA2-30128005ACE7}"
EndProject
Project("{FAE04EC0-301F-11D3-BF4B-00C04F79EFBC}") = "BriefFiniteElementNet.Validation", "FEM\BriefFiniteElementNet.Validation\BriefFiniteElementNet.Validation.csproj", "{7A20CE01-552E-457A-A9C3-18BED244D897}"
EndProject
Project("{FAE04EC0-301F-11D3-BF4B-00C04F79EFBC}") = "BriefFiniteElementNet.Validation.Ui", "FEM\BriefFiniteElementNet.Validation.Ui\BriefFiniteElementNet.Validation.Ui.csproj", "{FC6E4877-B949-4522-BD35-116172A20925}"
EndProject
Project("{2150E333-8FDC-42A3-9474-1A3956D46DE8}") = "BFEMNet", "BFEMNet", "{841AAC24-D243-4375-A3D6-F4424864F0A4}"
EndProject
Project("{54435603-DBB4-11D2-8724-00A0C9A8B90C}") = "SetupSystemComponentViewer", "SetupSystemComponentViewer\SetupSystemComponentViewer.vdproj", "{8D3860C1-AD01-43B5-8AA9-14E32E1D2B30}"
EndProject
Global
	GlobalSection(SolutionConfigurationPlatforms) = preSolution
		Debug|Any CPU = Debug|Any CPU
		Debug|ARM = Debug|ARM
		Debug|Mixed Platforms = Debug|Mixed Platforms
		Debug|x64 = Debug|x64
		Debug|x86 = Debug|x86
		Release|Any CPU = Release|Any CPU
		Release|ARM = Release|ARM
		Release|Mixed Platforms = Release|Mixed Platforms
		Release|x64 = Release|x64
		Release|x86 = Release|x86
	EndGlobalSection
	GlobalSection(ProjectConfigurationPlatforms) = postSolution
		{8D8A9215-1A12-4970-9CAB-09762D182642}.Debug|Any CPU.ActiveCfg = Debug|Any CPU
		{8D8A9215-1A12-4970-9CAB-09762D182642}.Debug|Any CPU.Build.0 = Debug|Any CPU
		{8D8A9215-1A12-4970-9CAB-09762D182642}.Debug|ARM.ActiveCfg = Debug|Any CPU
		{8D8A9215-1A12-4970-9CAB-09762D182642}.Debug|ARM.Build.0 = Debug|Any CPU
		{8D8A9215-1A12-4970-9CAB-09762D182642}.Debug|Mixed Platforms.ActiveCfg = Debug|Any CPU
		{8D8A9215-1A12-4970-9CAB-09762D182642}.Debug|Mixed Platforms.Build.0 = Debug|Any CPU
		{8D8A9215-1A12-4970-9CAB-09762D182642}.Debug|x64.ActiveCfg = Debug|Any CPU
		{8D8A9215-1A12-4970-9CAB-09762D182642}.Debug|x64.Build.0 = Debug|Any CPU
		{8D8A9215-1A12-4970-9CAB-09762D182642}.Debug|x86.ActiveCfg = Debug|Any CPU
		{8D8A9215-1A12-4970-9CAB-09762D182642}.Release|Any CPU.ActiveCfg = Release|Any CPU
		{8D8A9215-1A12-4970-9CAB-09762D182642}.Release|Any CPU.Build.0 = Release|Any CPU
		{8D8A9215-1A12-4970-9CAB-09762D182642}.Release|ARM.ActiveCfg = Release|Any CPU
		{8D8A9215-1A12-4970-9CAB-09762D182642}.Release|ARM.Build.0 = Release|Any CPU
		{8D8A9215-1A12-4970-9CAB-09762D182642}.Release|Mixed Platforms.ActiveCfg = Release|Any CPU
		{8D8A9215-1A12-4970-9CAB-09762D182642}.Release|x64.ActiveCfg = Release|Any CPU
		{8D8A9215-1A12-4970-9CAB-09762D182642}.Release|x64.Build.0 = Release|Any CPU
		{8D8A9215-1A12-4970-9CAB-09762D182642}.Release|x86.ActiveCfg = Release|Any CPU
		{AD3E14F4-72C6-476E-B67F-93CC194E0E02}.Debug|Any CPU.ActiveCfg = Debug|Any CPU
		{AD3E14F4-72C6-476E-B67F-93CC194E0E02}.Debug|Any CPU.Build.0 = Debug|Any CPU
		{AD3E14F4-72C6-476E-B67F-93CC194E0E02}.Debug|ARM.ActiveCfg = Debug|Any CPU
		{AD3E14F4-72C6-476E-B67F-93CC194E0E02}.Debug|ARM.Build.0 = Debug|Any CPU
		{AD3E14F4-72C6-476E-B67F-93CC194E0E02}.Debug|Mixed Platforms.ActiveCfg = Debug|Any CPU
		{AD3E14F4-72C6-476E-B67F-93CC194E0E02}.Debug|Mixed Platforms.Build.0 = Debug|Any CPU
		{AD3E14F4-72C6-476E-B67F-93CC194E0E02}.Debug|x64.ActiveCfg = Debug|Any CPU
		{AD3E14F4-72C6-476E-B67F-93CC194E0E02}.Debug|x64.Build.0 = Debug|Any CPU
		{AD3E14F4-72C6-476E-B67F-93CC194E0E02}.Debug|x86.ActiveCfg = Debug|Any CPU
		{AD3E14F4-72C6-476E-B67F-93CC194E0E02}.Release|Any CPU.ActiveCfg = Release|Any CPU
		{AD3E14F4-72C6-476E-B67F-93CC194E0E02}.Release|Any CPU.Build.0 = Release|Any CPU
		{AD3E14F4-72C6-476E-B67F-93CC194E0E02}.Release|ARM.ActiveCfg = Release|Any CPU
		{AD3E14F4-72C6-476E-B67F-93CC194E0E02}.Release|ARM.Build.0 = Release|Any CPU
		{AD3E14F4-72C6-476E-B67F-93CC194E0E02}.Release|Mixed Platforms.ActiveCfg = Release|Any CPU
		{AD3E14F4-72C6-476E-B67F-93CC194E0E02}.Release|Mixed Platforms.Build.0 = Release|Any CPU
		{AD3E14F4-72C6-476E-B67F-93CC194E0E02}.Release|x64.ActiveCfg = Release|Any CPU
		{AD3E14F4-72C6-476E-B67F-93CC194E0E02}.Release|x64.Build.0 = Release|Any CPU
		{AD3E14F4-72C6-476E-B67F-93CC194E0E02}.Release|x86.ActiveCfg = Release|Any CPU
		{9764D1BF-A2B3-45D6-AB93-050DCE30830C}.Debug|Any CPU.ActiveCfg = Debug|Any CPU
		{9764D1BF-A2B3-45D6-AB93-050DCE30830C}.Debug|Any CPU.Build.0 = Debug|Any CPU
		{9764D1BF-A2B3-45D6-AB93-050DCE30830C}.Debug|ARM.ActiveCfg = Debug|Any CPU
		{9764D1BF-A2B3-45D6-AB93-050DCE30830C}.Debug|ARM.Build.0 = Debug|Any CPU
		{9764D1BF-A2B3-45D6-AB93-050DCE30830C}.Debug|Mixed Platforms.ActiveCfg = Debug|Any CPU
		{9764D1BF-A2B3-45D6-AB93-050DCE30830C}.Debug|Mixed Platforms.Build.0 = Debug|Any CPU
		{9764D1BF-A2B3-45D6-AB93-050DCE30830C}.Debug|x64.ActiveCfg = Debug|Any CPU
		{9764D1BF-A2B3-45D6-AB93-050DCE30830C}.Debug|x64.Build.0 = Debug|Any CPU
		{9764D1BF-A2B3-45D6-AB93-050DCE30830C}.Debug|x86.ActiveCfg = Debug|Any CPU
		{9764D1BF-A2B3-45D6-AB93-050DCE30830C}.Release|Any CPU.ActiveCfg = Release|Any CPU
		{9764D1BF-A2B3-45D6-AB93-050DCE30830C}.Release|Any CPU.Build.0 = Release|Any CPU
		{9764D1BF-A2B3-45D6-AB93-050DCE30830C}.Release|ARM.ActiveCfg = Release|Any CPU
		{9764D1BF-A2B3-45D6-AB93-050DCE30830C}.Release|ARM.Build.0 = Release|Any CPU
		{9764D1BF-A2B3-45D6-AB93-050DCE30830C}.Release|Mixed Platforms.ActiveCfg = Release|Any CPU
		{9764D1BF-A2B3-45D6-AB93-050DCE30830C}.Release|Mixed Platforms.Build.0 = Release|Any CPU
		{9764D1BF-A2B3-45D6-AB93-050DCE30830C}.Release|x64.ActiveCfg = Release|Any CPU
		{9764D1BF-A2B3-45D6-AB93-050DCE30830C}.Release|x64.Build.0 = Release|Any CPU
		{9764D1BF-A2B3-45D6-AB93-050DCE30830C}.Release|x86.ActiveCfg = Release|Any CPU
		{5F7F75F6-D383-4B86-9406-EC68C75090C6}.Debug|Any CPU.ActiveCfg = Debug|Any CPU
		{5F7F75F6-D383-4B86-9406-EC68C75090C6}.Debug|Any CPU.Build.0 = Debug|Any CPU
		{5F7F75F6-D383-4B86-9406-EC68C75090C6}.Debug|ARM.ActiveCfg = Debug|Any CPU
		{5F7F75F6-D383-4B86-9406-EC68C75090C6}.Debug|ARM.Build.0 = Debug|Any CPU
		{5F7F75F6-D383-4B86-9406-EC68C75090C6}.Debug|Mixed Platforms.ActiveCfg = Debug|Any CPU
		{5F7F75F6-D383-4B86-9406-EC68C75090C6}.Debug|Mixed Platforms.Build.0 = Debug|Any CPU
		{5F7F75F6-D383-4B86-9406-EC68C75090C6}.Debug|x64.ActiveCfg = Debug|Any CPU
		{5F7F75F6-D383-4B86-9406-EC68C75090C6}.Debug|x64.Build.0 = Debug|Any CPU
		{5F7F75F6-D383-4B86-9406-EC68C75090C6}.Debug|x86.ActiveCfg = Debug|Any CPU
		{5F7F75F6-D383-4B86-9406-EC68C75090C6}.Release|Any CPU.ActiveCfg = Release|Any CPU
		{5F7F75F6-D383-4B86-9406-EC68C75090C6}.Release|Any CPU.Build.0 = Release|Any CPU
		{5F7F75F6-D383-4B86-9406-EC68C75090C6}.Release|ARM.ActiveCfg = Release|Any CPU
		{5F7F75F6-D383-4B86-9406-EC68C75090C6}.Release|ARM.Build.0 = Release|Any CPU
		{5F7F75F6-D383-4B86-9406-EC68C75090C6}.Release|Mixed Platforms.ActiveCfg = Release|Any CPU
		{5F7F75F6-D383-4B86-9406-EC68C75090C6}.Release|Mixed Platforms.Build.0 = Release|Any CPU
		{5F7F75F6-D383-4B86-9406-EC68C75090C6}.Release|x64.ActiveCfg = Release|Any CPU
		{5F7F75F6-D383-4B86-9406-EC68C75090C6}.Release|x64.Build.0 = Release|Any CPU
		{5F7F75F6-D383-4B86-9406-EC68C75090C6}.Release|x86.ActiveCfg = Release|Any CPU
		{515CE0E4-0E37-453D-869E-2A651557389E}.Debug|Any CPU.ActiveCfg = Debug|Any CPU
		{515CE0E4-0E37-453D-869E-2A651557389E}.Debug|Any CPU.Build.0 = Debug|Any CPU
		{515CE0E4-0E37-453D-869E-2A651557389E}.Debug|ARM.ActiveCfg = Debug|Any CPU
		{515CE0E4-0E37-453D-869E-2A651557389E}.Debug|ARM.Build.0 = Debug|Any CPU
		{515CE0E4-0E37-453D-869E-2A651557389E}.Debug|Mixed Platforms.ActiveCfg = Debug|Any CPU
		{515CE0E4-0E37-453D-869E-2A651557389E}.Debug|Mixed Platforms.Build.0 = Debug|Any CPU
		{515CE0E4-0E37-453D-869E-2A651557389E}.Debug|x64.ActiveCfg = Debug|Any CPU
		{515CE0E4-0E37-453D-869E-2A651557389E}.Debug|x64.Build.0 = Debug|Any CPU
		{515CE0E4-0E37-453D-869E-2A651557389E}.Debug|x86.ActiveCfg = Debug|Any CPU
		{515CE0E4-0E37-453D-869E-2A651557389E}.Release|Any CPU.ActiveCfg = Release|Any CPU
		{515CE0E4-0E37-453D-869E-2A651557389E}.Release|Any CPU.Build.0 = Release|Any CPU
		{515CE0E4-0E37-453D-869E-2A651557389E}.Release|ARM.ActiveCfg = Release|Any CPU
		{515CE0E4-0E37-453D-869E-2A651557389E}.Release|ARM.Build.0 = Release|Any CPU
		{515CE0E4-0E37-453D-869E-2A651557389E}.Release|Mixed Platforms.ActiveCfg = Release|Any CPU
		{515CE0E4-0E37-453D-869E-2A651557389E}.Release|Mixed Platforms.Build.0 = Release|Any CPU
		{515CE0E4-0E37-453D-869E-2A651557389E}.Release|x64.ActiveCfg = Release|Any CPU
		{515CE0E4-0E37-453D-869E-2A651557389E}.Release|x64.Build.0 = Release|Any CPU
		{515CE0E4-0E37-453D-869E-2A651557389E}.Release|x86.ActiveCfg = Release|Any CPU
		{B18D348E-0355-4CFD-91A9-FD8D30FE2B74}.Debug|Any CPU.ActiveCfg = Debug|Any CPU
		{B18D348E-0355-4CFD-91A9-FD8D30FE2B74}.Debug|ARM.ActiveCfg = Debug|Any CPU
		{B18D348E-0355-4CFD-91A9-FD8D30FE2B74}.Debug|ARM.Build.0 = Debug|Any CPU
		{B18D348E-0355-4CFD-91A9-FD8D30FE2B74}.Debug|Mixed Platforms.ActiveCfg = Debug|Any CPU
		{B18D348E-0355-4CFD-91A9-FD8D30FE2B74}.Debug|Mixed Platforms.Build.0 = Debug|Any CPU
		{B18D348E-0355-4CFD-91A9-FD8D30FE2B74}.Debug|x64.ActiveCfg = Debug|Any CPU
		{B18D348E-0355-4CFD-91A9-FD8D30FE2B74}.Debug|x64.Build.0 = Debug|Any CPU
		{B18D348E-0355-4CFD-91A9-FD8D30FE2B74}.Debug|x86.ActiveCfg = Debug|Any CPU
		{B18D348E-0355-4CFD-91A9-FD8D30FE2B74}.Release|Any CPU.ActiveCfg = Release|Any CPU
		{B18D348E-0355-4CFD-91A9-FD8D30FE2B74}.Release|Any CPU.Build.0 = Release|Any CPU
		{B18D348E-0355-4CFD-91A9-FD8D30FE2B74}.Release|ARM.ActiveCfg = Release|Any CPU
		{B18D348E-0355-4CFD-91A9-FD8D30FE2B74}.Release|ARM.Build.0 = Release|Any CPU
		{B18D348E-0355-4CFD-91A9-FD8D30FE2B74}.Release|Mixed Platforms.ActiveCfg = Release|Any CPU
		{B18D348E-0355-4CFD-91A9-FD8D30FE2B74}.Release|Mixed Platforms.Build.0 = Release|Any CPU
		{B18D348E-0355-4CFD-91A9-FD8D30FE2B74}.Release|x64.ActiveCfg = Release|Any CPU
		{B18D348E-0355-4CFD-91A9-FD8D30FE2B74}.Release|x64.Build.0 = Release|Any CPU
		{B18D348E-0355-4CFD-91A9-FD8D30FE2B74}.Release|x86.ActiveCfg = Release|Any CPU
		{62C43A87-8703-4264-B7CF-46F7A1A9F918}.Debug|Any CPU.ActiveCfg = Debug|Any CPU
		{62C43A87-8703-4264-B7CF-46F7A1A9F918}.Debug|ARM.ActiveCfg = Debug|Any CPU
		{62C43A87-8703-4264-B7CF-46F7A1A9F918}.Debug|ARM.Build.0 = Debug|Any CPU
		{62C43A87-8703-4264-B7CF-46F7A1A9F918}.Debug|Mixed Platforms.ActiveCfg = Debug|Any CPU
		{62C43A87-8703-4264-B7CF-46F7A1A9F918}.Debug|Mixed Platforms.Build.0 = Debug|Any CPU
		{62C43A87-8703-4264-B7CF-46F7A1A9F918}.Debug|x64.ActiveCfg = Debug|Any CPU
		{62C43A87-8703-4264-B7CF-46F7A1A9F918}.Debug|x64.Build.0 = Debug|Any CPU
		{62C43A87-8703-4264-B7CF-46F7A1A9F918}.Debug|x86.ActiveCfg = Debug|Any CPU
		{62C43A87-8703-4264-B7CF-46F7A1A9F918}.Release|Any CPU.ActiveCfg = Release|Any CPU
		{62C43A87-8703-4264-B7CF-46F7A1A9F918}.Release|Any CPU.Build.0 = Release|Any CPU
		{62C43A87-8703-4264-B7CF-46F7A1A9F918}.Release|ARM.ActiveCfg = Release|Any CPU
		{62C43A87-8703-4264-B7CF-46F7A1A9F918}.Release|ARM.Build.0 = Release|Any CPU
		{62C43A87-8703-4264-B7CF-46F7A1A9F918}.Release|Mixed Platforms.ActiveCfg = Release|Any CPU
		{62C43A87-8703-4264-B7CF-46F7A1A9F918}.Release|Mixed Platforms.Build.0 = Release|Any CPU
		{62C43A87-8703-4264-B7CF-46F7A1A9F918}.Release|x64.ActiveCfg = Release|Any CPU
		{62C43A87-8703-4264-B7CF-46F7A1A9F918}.Release|x64.Build.0 = Release|Any CPU
		{62C43A87-8703-4264-B7CF-46F7A1A9F918}.Release|x86.ActiveCfg = Release|Any CPU
		{88087731-387C-4A65-9644-9E17339AB10C}.Debug|Any CPU.ActiveCfg = Debug|Any CPU
		{88087731-387C-4A65-9644-9E17339AB10C}.Debug|ARM.ActiveCfg = Debug|Any CPU
		{88087731-387C-4A65-9644-9E17339AB10C}.Debug|ARM.Build.0 = Debug|Any CPU
		{88087731-387C-4A65-9644-9E17339AB10C}.Debug|Mixed Platforms.ActiveCfg = Debug|Any CPU
		{88087731-387C-4A65-9644-9E17339AB10C}.Debug|Mixed Platforms.Build.0 = Debug|Any CPU
		{88087731-387C-4A65-9644-9E17339AB10C}.Debug|x64.ActiveCfg = Debug|Any CPU
		{88087731-387C-4A65-9644-9E17339AB10C}.Debug|x64.Build.0 = Debug|Any CPU
		{88087731-387C-4A65-9644-9E17339AB10C}.Debug|x86.ActiveCfg = Debug|Any CPU
		{88087731-387C-4A65-9644-9E17339AB10C}.Release|Any CPU.ActiveCfg = Release|Any CPU
		{88087731-387C-4A65-9644-9E17339AB10C}.Release|Any CPU.Build.0 = Release|Any CPU
		{88087731-387C-4A65-9644-9E17339AB10C}.Release|ARM.ActiveCfg = Release|Any CPU
		{88087731-387C-4A65-9644-9E17339AB10C}.Release|ARM.Build.0 = Release|Any CPU
		{88087731-387C-4A65-9644-9E17339AB10C}.Release|Mixed Platforms.ActiveCfg = Release|Any CPU
		{88087731-387C-4A65-9644-9E17339AB10C}.Release|Mixed Platforms.Build.0 = Release|Any CPU
		{88087731-387C-4A65-9644-9E17339AB10C}.Release|x64.ActiveCfg = Release|Any CPU
		{88087731-387C-4A65-9644-9E17339AB10C}.Release|x64.Build.0 = Release|Any CPU
		{88087731-387C-4A65-9644-9E17339AB10C}.Release|x86.ActiveCfg = Release|Any CPU
		{A18F3BFB-3A2B-4191-9AC6-B52958367616}.Debug|Any CPU.ActiveCfg = Debug|Any CPU
		{A18F3BFB-3A2B-4191-9AC6-B52958367616}.Debug|ARM.ActiveCfg = Debug|Any CPU
		{A18F3BFB-3A2B-4191-9AC6-B52958367616}.Debug|ARM.Build.0 = Debug|Any CPU
		{A18F3BFB-3A2B-4191-9AC6-B52958367616}.Debug|Mixed Platforms.ActiveCfg = Debug|Any CPU
		{A18F3BFB-3A2B-4191-9AC6-B52958367616}.Debug|Mixed Platforms.Build.0 = Debug|Any CPU
		{A18F3BFB-3A2B-4191-9AC6-B52958367616}.Debug|x64.ActiveCfg = Debug|Any CPU
		{A18F3BFB-3A2B-4191-9AC6-B52958367616}.Debug|x64.Build.0 = Debug|Any CPU
		{A18F3BFB-3A2B-4191-9AC6-B52958367616}.Debug|x86.ActiveCfg = Debug|Any CPU
		{A18F3BFB-3A2B-4191-9AC6-B52958367616}.Release|Any CPU.ActiveCfg = Release|Any CPU
		{A18F3BFB-3A2B-4191-9AC6-B52958367616}.Release|Any CPU.Build.0 = Release|Any CPU
		{A18F3BFB-3A2B-4191-9AC6-B52958367616}.Release|ARM.ActiveCfg = Release|Any CPU
		{A18F3BFB-3A2B-4191-9AC6-B52958367616}.Release|ARM.Build.0 = Release|Any CPU
		{A18F3BFB-3A2B-4191-9AC6-B52958367616}.Release|Mixed Platforms.ActiveCfg = Release|Any CPU
		{A18F3BFB-3A2B-4191-9AC6-B52958367616}.Release|Mixed Platforms.Build.0 = Release|Any CPU
		{A18F3BFB-3A2B-4191-9AC6-B52958367616}.Release|x64.ActiveCfg = Release|Any CPU
		{A18F3BFB-3A2B-4191-9AC6-B52958367616}.Release|x64.Build.0 = Release|Any CPU
		{A18F3BFB-3A2B-4191-9AC6-B52958367616}.Release|x86.ActiveCfg = Release|Any CPU
		{6FE7FFA4-0A03-4891-B796-878EF414AC28}.Debug|Any CPU.ActiveCfg = Debug|Any CPU
		{6FE7FFA4-0A03-4891-B796-878EF414AC28}.Debug|ARM.ActiveCfg = Debug|Any CPU
		{6FE7FFA4-0A03-4891-B796-878EF414AC28}.Debug|ARM.Build.0 = Debug|Any CPU
		{6FE7FFA4-0A03-4891-B796-878EF414AC28}.Debug|Mixed Platforms.ActiveCfg = Debug|Any CPU
		{6FE7FFA4-0A03-4891-B796-878EF414AC28}.Debug|Mixed Platforms.Build.0 = Debug|Any CPU
		{6FE7FFA4-0A03-4891-B796-878EF414AC28}.Debug|x64.ActiveCfg = Debug|Any CPU
		{6FE7FFA4-0A03-4891-B796-878EF414AC28}.Debug|x64.Build.0 = Debug|Any CPU
		{6FE7FFA4-0A03-4891-B796-878EF414AC28}.Debug|x86.ActiveCfg = Debug|Any CPU
		{6FE7FFA4-0A03-4891-B796-878EF414AC28}.Release|Any CPU.ActiveCfg = Release|Any CPU
		{6FE7FFA4-0A03-4891-B796-878EF414AC28}.Release|Any CPU.Build.0 = Release|Any CPU
		{6FE7FFA4-0A03-4891-B796-878EF414AC28}.Release|ARM.ActiveCfg = Release|Any CPU
		{6FE7FFA4-0A03-4891-B796-878EF414AC28}.Release|ARM.Build.0 = Release|Any CPU
		{6FE7FFA4-0A03-4891-B796-878EF414AC28}.Release|Mixed Platforms.ActiveCfg = Release|Any CPU
		{6FE7FFA4-0A03-4891-B796-878EF414AC28}.Release|Mixed Platforms.Build.0 = Release|Any CPU
		{6FE7FFA4-0A03-4891-B796-878EF414AC28}.Release|x64.ActiveCfg = Release|Any CPU
		{6FE7FFA4-0A03-4891-B796-878EF414AC28}.Release|x64.Build.0 = Release|Any CPU
		{6FE7FFA4-0A03-4891-B796-878EF414AC28}.Release|x86.ActiveCfg = Release|Any CPU
		{B37DD6B9-7A5E-412B-A45B-05AD0ABF573E}.Debug|Any CPU.ActiveCfg = Debug|Any CPU
		{B37DD6B9-7A5E-412B-A45B-05AD0ABF573E}.Debug|ARM.ActiveCfg = Debug|Any CPU
		{B37DD6B9-7A5E-412B-A45B-05AD0ABF573E}.Debug|ARM.Build.0 = Debug|Any CPU
		{B37DD6B9-7A5E-412B-A45B-05AD0ABF573E}.Debug|Mixed Platforms.ActiveCfg = Debug|Any CPU
		{B37DD6B9-7A5E-412B-A45B-05AD0ABF573E}.Debug|Mixed Platforms.Build.0 = Debug|Any CPU
		{B37DD6B9-7A5E-412B-A45B-05AD0ABF573E}.Debug|x64.ActiveCfg = Debug|Any CPU
		{B37DD6B9-7A5E-412B-A45B-05AD0ABF573E}.Debug|x64.Build.0 = Debug|Any CPU
		{B37DD6B9-7A5E-412B-A45B-05AD0ABF573E}.Debug|x86.ActiveCfg = Debug|Any CPU
		{B37DD6B9-7A5E-412B-A45B-05AD0ABF573E}.Release|Any CPU.ActiveCfg = Release|Any CPU
		{B37DD6B9-7A5E-412B-A45B-05AD0ABF573E}.Release|Any CPU.Build.0 = Release|Any CPU
		{B37DD6B9-7A5E-412B-A45B-05AD0ABF573E}.Release|ARM.ActiveCfg = Release|Any CPU
		{B37DD6B9-7A5E-412B-A45B-05AD0ABF573E}.Release|ARM.Build.0 = Release|Any CPU
		{B37DD6B9-7A5E-412B-A45B-05AD0ABF573E}.Release|Mixed Platforms.ActiveCfg = Release|Any CPU
		{B37DD6B9-7A5E-412B-A45B-05AD0ABF573E}.Release|Mixed Platforms.Build.0 = Release|Any CPU
		{B37DD6B9-7A5E-412B-A45B-05AD0ABF573E}.Release|x64.ActiveCfg = Release|Any CPU
		{B37DD6B9-7A5E-412B-A45B-05AD0ABF573E}.Release|x64.Build.0 = Release|Any CPU
		{B37DD6B9-7A5E-412B-A45B-05AD0ABF573E}.Release|x86.ActiveCfg = Release|Any CPU
		{76F7949B-0055-4004-BF34-BDED850AE842}.Debug|Any CPU.ActiveCfg = Debug|Any CPU
		{76F7949B-0055-4004-BF34-BDED850AE842}.Debug|Any CPU.Build.0 = Debug|Any CPU
		{76F7949B-0055-4004-BF34-BDED850AE842}.Debug|ARM.ActiveCfg = Debug|Any CPU
		{76F7949B-0055-4004-BF34-BDED850AE842}.Debug|ARM.Build.0 = Debug|Any CPU
		{76F7949B-0055-4004-BF34-BDED850AE842}.Debug|Mixed Platforms.ActiveCfg = Debug|Any CPU
		{76F7949B-0055-4004-BF34-BDED850AE842}.Debug|Mixed Platforms.Build.0 = Debug|Any CPU
		{76F7949B-0055-4004-BF34-BDED850AE842}.Debug|x64.ActiveCfg = Debug|Any CPU
		{76F7949B-0055-4004-BF34-BDED850AE842}.Debug|x64.Build.0 = Debug|Any CPU
		{76F7949B-0055-4004-BF34-BDED850AE842}.Debug|x86.ActiveCfg = Debug|Any CPU
		{76F7949B-0055-4004-BF34-BDED850AE842}.Release|Any CPU.ActiveCfg = Release|Any CPU
		{76F7949B-0055-4004-BF34-BDED850AE842}.Release|Any CPU.Build.0 = Release|Any CPU
		{76F7949B-0055-4004-BF34-BDED850AE842}.Release|ARM.ActiveCfg = Release|Any CPU
		{76F7949B-0055-4004-BF34-BDED850AE842}.Release|ARM.Build.0 = Release|Any CPU
		{76F7949B-0055-4004-BF34-BDED850AE842}.Release|Mixed Platforms.ActiveCfg = Release|Any CPU
		{76F7949B-0055-4004-BF34-BDED850AE842}.Release|Mixed Platforms.Build.0 = Release|Any CPU
		{76F7949B-0055-4004-BF34-BDED850AE842}.Release|x64.ActiveCfg = Release|Any CPU
		{76F7949B-0055-4004-BF34-BDED850AE842}.Release|x64.Build.0 = Release|Any CPU
		{76F7949B-0055-4004-BF34-BDED850AE842}.Release|x86.ActiveCfg = Release|Any CPU
		{84EC019C-BD16-4774-91D4-E50CFB2E62E3}.Debug|Any CPU.ActiveCfg = Debug|Any CPU
		{84EC019C-BD16-4774-91D4-E50CFB2E62E3}.Debug|Any CPU.Build.0 = Debug|Any CPU
		{84EC019C-BD16-4774-91D4-E50CFB2E62E3}.Debug|ARM.ActiveCfg = Debug|Any CPU
		{84EC019C-BD16-4774-91D4-E50CFB2E62E3}.Debug|ARM.Build.0 = Debug|Any CPU
		{84EC019C-BD16-4774-91D4-E50CFB2E62E3}.Debug|Mixed Platforms.ActiveCfg = Debug|Any CPU
		{84EC019C-BD16-4774-91D4-E50CFB2E62E3}.Debug|Mixed Platforms.Build.0 = Debug|Any CPU
		{84EC019C-BD16-4774-91D4-E50CFB2E62E3}.Debug|x64.ActiveCfg = Debug|Any CPU
		{84EC019C-BD16-4774-91D4-E50CFB2E62E3}.Debug|x64.Build.0 = Debug|Any CPU
		{84EC019C-BD16-4774-91D4-E50CFB2E62E3}.Debug|x86.ActiveCfg = Debug|Any CPU
		{84EC019C-BD16-4774-91D4-E50CFB2E62E3}.Release|Any CPU.ActiveCfg = Release|Any CPU
		{84EC019C-BD16-4774-91D4-E50CFB2E62E3}.Release|Any CPU.Build.0 = Release|Any CPU
		{84EC019C-BD16-4774-91D4-E50CFB2E62E3}.Release|ARM.ActiveCfg = Release|Any CPU
		{84EC019C-BD16-4774-91D4-E50CFB2E62E3}.Release|ARM.Build.0 = Release|Any CPU
		{84EC019C-BD16-4774-91D4-E50CFB2E62E3}.Release|Mixed Platforms.ActiveCfg = Release|Any CPU
		{84EC019C-BD16-4774-91D4-E50CFB2E62E3}.Release|Mixed Platforms.Build.0 = Release|Any CPU
		{84EC019C-BD16-4774-91D4-E50CFB2E62E3}.Release|x64.ActiveCfg = Release|Any CPU
		{84EC019C-BD16-4774-91D4-E50CFB2E62E3}.Release|x64.Build.0 = Release|Any CPU
		{84EC019C-BD16-4774-91D4-E50CFB2E62E3}.Release|x86.ActiveCfg = Release|Any CPU
		{864D95AD-46AE-4198-B7F3-D5BBE1245208}.Debug|Any CPU.ActiveCfg = Debug|Any CPU
		{864D95AD-46AE-4198-B7F3-D5BBE1245208}.Debug|Any CPU.Build.0 = Debug|Any CPU
		{864D95AD-46AE-4198-B7F3-D5BBE1245208}.Debug|ARM.ActiveCfg = Debug|Any CPU
		{864D95AD-46AE-4198-B7F3-D5BBE1245208}.Debug|ARM.Build.0 = Debug|Any CPU
		{864D95AD-46AE-4198-B7F3-D5BBE1245208}.Debug|Mixed Platforms.ActiveCfg = Debug|Any CPU
		{864D95AD-46AE-4198-B7F3-D5BBE1245208}.Debug|Mixed Platforms.Build.0 = Debug|Any CPU
		{864D95AD-46AE-4198-B7F3-D5BBE1245208}.Debug|x64.ActiveCfg = Debug|Any CPU
		{864D95AD-46AE-4198-B7F3-D5BBE1245208}.Debug|x64.Build.0 = Debug|Any CPU
		{864D95AD-46AE-4198-B7F3-D5BBE1245208}.Debug|x86.ActiveCfg = Debug|Any CPU
		{864D95AD-46AE-4198-B7F3-D5BBE1245208}.Release|Any CPU.ActiveCfg = Release|Any CPU
		{864D95AD-46AE-4198-B7F3-D5BBE1245208}.Release|Any CPU.Build.0 = Release|Any CPU
		{864D95AD-46AE-4198-B7F3-D5BBE1245208}.Release|ARM.ActiveCfg = Release|Any CPU
		{864D95AD-46AE-4198-B7F3-D5BBE1245208}.Release|ARM.Build.0 = Release|Any CPU
		{864D95AD-46AE-4198-B7F3-D5BBE1245208}.Release|Mixed Platforms.ActiveCfg = Release|Any CPU
		{864D95AD-46AE-4198-B7F3-D5BBE1245208}.Release|Mixed Platforms.Build.0 = Release|Any CPU
		{864D95AD-46AE-4198-B7F3-D5BBE1245208}.Release|x64.ActiveCfg = Release|Any CPU
		{864D95AD-46AE-4198-B7F3-D5BBE1245208}.Release|x64.Build.0 = Release|Any CPU
		{864D95AD-46AE-4198-B7F3-D5BBE1245208}.Release|x86.ActiveCfg = Release|Any CPU
		{28044445-E8DD-4041-B534-3FEE5C07237F}.Debug|Any CPU.ActiveCfg = Debug|Any CPU
		{28044445-E8DD-4041-B534-3FEE5C07237F}.Debug|Any CPU.Build.0 = Debug|Any CPU
		{28044445-E8DD-4041-B534-3FEE5C07237F}.Debug|ARM.ActiveCfg = Debug|Any CPU
		{28044445-E8DD-4041-B534-3FEE5C07237F}.Debug|ARM.Build.0 = Debug|Any CPU
		{28044445-E8DD-4041-B534-3FEE5C07237F}.Debug|Mixed Platforms.ActiveCfg = Debug|Any CPU
		{28044445-E8DD-4041-B534-3FEE5C07237F}.Debug|Mixed Platforms.Build.0 = Debug|Any CPU
		{28044445-E8DD-4041-B534-3FEE5C07237F}.Debug|Mixed Platforms.Deploy.0 = Debug|Any CPU
		{28044445-E8DD-4041-B534-3FEE5C07237F}.Debug|x64.ActiveCfg = Debug|Any CPU
		{28044445-E8DD-4041-B534-3FEE5C07237F}.Debug|x64.Build.0 = Debug|Any CPU
		{28044445-E8DD-4041-B534-3FEE5C07237F}.Debug|x86.ActiveCfg = Debug|Any CPU
		{28044445-E8DD-4041-B534-3FEE5C07237F}.Release|Any CPU.ActiveCfg = Release|Any CPU
		{28044445-E8DD-4041-B534-3FEE5C07237F}.Release|Any CPU.Build.0 = Release|Any CPU
		{28044445-E8DD-4041-B534-3FEE5C07237F}.Release|ARM.ActiveCfg = Release|Any CPU
		{28044445-E8DD-4041-B534-3FEE5C07237F}.Release|ARM.Build.0 = Release|Any CPU
		{28044445-E8DD-4041-B534-3FEE5C07237F}.Release|Mixed Platforms.ActiveCfg = Release|Any CPU
		{28044445-E8DD-4041-B534-3FEE5C07237F}.Release|Mixed Platforms.Build.0 = Release|Any CPU
		{28044445-E8DD-4041-B534-3FEE5C07237F}.Release|x64.ActiveCfg = Release|Any CPU
		{28044445-E8DD-4041-B534-3FEE5C07237F}.Release|x64.Build.0 = Release|Any CPU
		{28044445-E8DD-4041-B534-3FEE5C07237F}.Release|x86.ActiveCfg = Release|Any CPU
		{602C8862-99F4-4595-A033-84194DDFE00A}.Debug|Any CPU.ActiveCfg = Debug|Any CPU
		{602C8862-99F4-4595-A033-84194DDFE00A}.Debug|Any CPU.Build.0 = Debug|Any CPU
		{602C8862-99F4-4595-A033-84194DDFE00A}.Debug|ARM.ActiveCfg = Debug|x86
		{602C8862-99F4-4595-A033-84194DDFE00A}.Debug|Mixed Platforms.ActiveCfg = Debug|Any CPU
		{602C8862-99F4-4595-A033-84194DDFE00A}.Debug|Mixed Platforms.Build.0 = Debug|Any CPU
		{602C8862-99F4-4595-A033-84194DDFE00A}.Debug|x64.ActiveCfg = Debug|x86
		{602C8862-99F4-4595-A033-84194DDFE00A}.Debug|x86.ActiveCfg = Debug|x86
		{602C8862-99F4-4595-A033-84194DDFE00A}.Debug|x86.Build.0 = Debug|x86
		{602C8862-99F4-4595-A033-84194DDFE00A}.Release|Any CPU.ActiveCfg = Release|x86
		{602C8862-99F4-4595-A033-84194DDFE00A}.Release|ARM.ActiveCfg = Release|x86
		{602C8862-99F4-4595-A033-84194DDFE00A}.Release|Mixed Platforms.ActiveCfg = Release|x86
		{602C8862-99F4-4595-A033-84194DDFE00A}.Release|Mixed Platforms.Build.0 = Release|x86
		{602C8862-99F4-4595-A033-84194DDFE00A}.Release|x64.ActiveCfg = Release|x86
		{602C8862-99F4-4595-A033-84194DDFE00A}.Release|x86.ActiveCfg = Release|x86
		{602C8862-99F4-4595-A033-84194DDFE00A}.Release|x86.Build.0 = Release|x86
		{C027BE8A-6935-4525-BB39-A1A2F2F8C0D7}.Debug|Any CPU.ActiveCfg = Debug|Any CPU
		{C027BE8A-6935-4525-BB39-A1A2F2F8C0D7}.Debug|Any CPU.Build.0 = Debug|Any CPU
		{C027BE8A-6935-4525-BB39-A1A2F2F8C0D7}.Debug|ARM.ActiveCfg = Debug|Any CPU
		{C027BE8A-6935-4525-BB39-A1A2F2F8C0D7}.Debug|ARM.Build.0 = Debug|Any CPU
		{C027BE8A-6935-4525-BB39-A1A2F2F8C0D7}.Debug|Mixed Platforms.ActiveCfg = Debug|Any CPU
		{C027BE8A-6935-4525-BB39-A1A2F2F8C0D7}.Debug|Mixed Platforms.Build.0 = Debug|Any CPU
		{C027BE8A-6935-4525-BB39-A1A2F2F8C0D7}.Debug|x64.ActiveCfg = Debug|Any CPU
		{C027BE8A-6935-4525-BB39-A1A2F2F8C0D7}.Debug|x64.Build.0 = Debug|Any CPU
		{C027BE8A-6935-4525-BB39-A1A2F2F8C0D7}.Debug|x86.ActiveCfg = Debug|Any CPU
		{C027BE8A-6935-4525-BB39-A1A2F2F8C0D7}.Release|Any CPU.ActiveCfg = Release|Any CPU
		{C027BE8A-6935-4525-BB39-A1A2F2F8C0D7}.Release|Any CPU.Build.0 = Release|Any CPU
		{C027BE8A-6935-4525-BB39-A1A2F2F8C0D7}.Release|ARM.ActiveCfg = Release|Any CPU
		{C027BE8A-6935-4525-BB39-A1A2F2F8C0D7}.Release|ARM.Build.0 = Release|Any CPU
		{C027BE8A-6935-4525-BB39-A1A2F2F8C0D7}.Release|Mixed Platforms.ActiveCfg = Release|Any CPU
		{C027BE8A-6935-4525-BB39-A1A2F2F8C0D7}.Release|Mixed Platforms.Build.0 = Release|Any CPU
		{C027BE8A-6935-4525-BB39-A1A2F2F8C0D7}.Release|x64.ActiveCfg = Release|Any CPU
		{C027BE8A-6935-4525-BB39-A1A2F2F8C0D7}.Release|x64.Build.0 = Release|Any CPU
		{C027BE8A-6935-4525-BB39-A1A2F2F8C0D7}.Release|x86.ActiveCfg = Release|Any CPU
		{D046772D-CE7A-4245-B490-EC805829837A}.Debug|Any CPU.ActiveCfg = Debug|Any CPU
		{D046772D-CE7A-4245-B490-EC805829837A}.Debug|Any CPU.Build.0 = Debug|Any CPU
		{D046772D-CE7A-4245-B490-EC805829837A}.Debug|ARM.ActiveCfg = Debug|Any CPU
		{D046772D-CE7A-4245-B490-EC805829837A}.Debug|ARM.Build.0 = Debug|Any CPU
		{D046772D-CE7A-4245-B490-EC805829837A}.Debug|Mixed Platforms.ActiveCfg = Debug|Any CPU
		{D046772D-CE7A-4245-B490-EC805829837A}.Debug|Mixed Platforms.Build.0 = Debug|Any CPU
		{D046772D-CE7A-4245-B490-EC805829837A}.Debug|x64.ActiveCfg = Debug|Any CPU
		{D046772D-CE7A-4245-B490-EC805829837A}.Debug|x64.Build.0 = Debug|Any CPU
		{D046772D-CE7A-4245-B490-EC805829837A}.Debug|x86.ActiveCfg = Debug|Any CPU
		{D046772D-CE7A-4245-B490-EC805829837A}.Debug|x86.Build.0 = Debug|Any CPU
		{D046772D-CE7A-4245-B490-EC805829837A}.Release|Any CPU.ActiveCfg = Release|Any CPU
		{D046772D-CE7A-4245-B490-EC805829837A}.Release|Any CPU.Build.0 = Release|Any CPU
		{D046772D-CE7A-4245-B490-EC805829837A}.Release|ARM.ActiveCfg = Release|Any CPU
		{D046772D-CE7A-4245-B490-EC805829837A}.Release|ARM.Build.0 = Release|Any CPU
		{D046772D-CE7A-4245-B490-EC805829837A}.Release|Mixed Platforms.ActiveCfg = Release|Any CPU
		{D046772D-CE7A-4245-B490-EC805829837A}.Release|Mixed Platforms.Build.0 = Release|Any CPU
		{D046772D-CE7A-4245-B490-EC805829837A}.Release|x64.ActiveCfg = Release|Any CPU
		{D046772D-CE7A-4245-B490-EC805829837A}.Release|x64.Build.0 = Release|Any CPU
		{D046772D-CE7A-4245-B490-EC805829837A}.Release|x86.ActiveCfg = Release|Any CPU
		{D046772D-CE7A-4245-B490-EC805829837A}.Release|x86.Build.0 = Release|Any CPU
		{F53DE883-CBC6-4E3B-9455-0DD480CA6CC1}.Debug|Any CPU.ActiveCfg = Debug|Any CPU
		{F53DE883-CBC6-4E3B-9455-0DD480CA6CC1}.Debug|Any CPU.Build.0 = Debug|Any CPU
		{F53DE883-CBC6-4E3B-9455-0DD480CA6CC1}.Debug|ARM.ActiveCfg = Debug|Any CPU
		{F53DE883-CBC6-4E3B-9455-0DD480CA6CC1}.Debug|ARM.Build.0 = Debug|Any CPU
		{F53DE883-CBC6-4E3B-9455-0DD480CA6CC1}.Debug|Mixed Platforms.ActiveCfg = Debug|Any CPU
		{F53DE883-CBC6-4E3B-9455-0DD480CA6CC1}.Debug|Mixed Platforms.Build.0 = Debug|Any CPU
		{F53DE883-CBC6-4E3B-9455-0DD480CA6CC1}.Debug|x64.ActiveCfg = Debug|Any CPU
		{F53DE883-CBC6-4E3B-9455-0DD480CA6CC1}.Debug|x64.Build.0 = Debug|Any CPU
		{F53DE883-CBC6-4E3B-9455-0DD480CA6CC1}.Debug|x86.ActiveCfg = Debug|Any CPU
		{F53DE883-CBC6-4E3B-9455-0DD480CA6CC1}.Debug|x86.Build.0 = Debug|Any CPU
		{F53DE883-CBC6-4E3B-9455-0DD480CA6CC1}.Release|Any CPU.ActiveCfg = Release|Any CPU
		{F53DE883-CBC6-4E3B-9455-0DD480CA6CC1}.Release|Any CPU.Build.0 = Release|Any CPU
		{F53DE883-CBC6-4E3B-9455-0DD480CA6CC1}.Release|ARM.ActiveCfg = Release|Any CPU
		{F53DE883-CBC6-4E3B-9455-0DD480CA6CC1}.Release|ARM.Build.0 = Release|Any CPU
		{F53DE883-CBC6-4E3B-9455-0DD480CA6CC1}.Release|Mixed Platforms.ActiveCfg = Release|Any CPU
		{F53DE883-CBC6-4E3B-9455-0DD480CA6CC1}.Release|Mixed Platforms.Build.0 = Release|Any CPU
		{F53DE883-CBC6-4E3B-9455-0DD480CA6CC1}.Release|x64.ActiveCfg = Release|Any CPU
		{F53DE883-CBC6-4E3B-9455-0DD480CA6CC1}.Release|x64.Build.0 = Release|Any CPU
		{F53DE883-CBC6-4E3B-9455-0DD480CA6CC1}.Release|x86.ActiveCfg = Release|Any CPU
		{F53DE883-CBC6-4E3B-9455-0DD480CA6CC1}.Release|x86.Build.0 = Release|Any CPU
		{BEBED159-4DB6-4550-8342-7F3607177B71}.Debug|Any CPU.ActiveCfg = Debug|Any CPU
		{BEBED159-4DB6-4550-8342-7F3607177B71}.Debug|Any CPU.Build.0 = Debug|Any CPU
		{BEBED159-4DB6-4550-8342-7F3607177B71}.Debug|ARM.ActiveCfg = Debug|Any CPU
		{BEBED159-4DB6-4550-8342-7F3607177B71}.Debug|ARM.Build.0 = Debug|Any CPU
		{BEBED159-4DB6-4550-8342-7F3607177B71}.Debug|Mixed Platforms.ActiveCfg = Debug|Any CPU
		{BEBED159-4DB6-4550-8342-7F3607177B71}.Debug|Mixed Platforms.Build.0 = Debug|Any CPU
		{BEBED159-4DB6-4550-8342-7F3607177B71}.Debug|x64.ActiveCfg = Debug|Any CPU
		{BEBED159-4DB6-4550-8342-7F3607177B71}.Debug|x64.Build.0 = Debug|Any CPU
		{BEBED159-4DB6-4550-8342-7F3607177B71}.Debug|x86.ActiveCfg = Debug|Any CPU
		{BEBED159-4DB6-4550-8342-7F3607177B71}.Debug|x86.Build.0 = Debug|Any CPU
		{BEBED159-4DB6-4550-8342-7F3607177B71}.Release|Any CPU.ActiveCfg = Release|Any CPU
		{BEBED159-4DB6-4550-8342-7F3607177B71}.Release|Any CPU.Build.0 = Release|Any CPU
		{BEBED159-4DB6-4550-8342-7F3607177B71}.Release|ARM.ActiveCfg = Release|Any CPU
		{BEBED159-4DB6-4550-8342-7F3607177B71}.Release|ARM.Build.0 = Release|Any CPU
		{BEBED159-4DB6-4550-8342-7F3607177B71}.Release|Mixed Platforms.ActiveCfg = Release|Any CPU
		{BEBED159-4DB6-4550-8342-7F3607177B71}.Release|Mixed Platforms.Build.0 = Release|Any CPU
		{BEBED159-4DB6-4550-8342-7F3607177B71}.Release|x64.ActiveCfg = Release|Any CPU
		{BEBED159-4DB6-4550-8342-7F3607177B71}.Release|x64.Build.0 = Release|Any CPU
		{BEBED159-4DB6-4550-8342-7F3607177B71}.Release|x86.ActiveCfg = Release|Any CPU
		{BEBED159-4DB6-4550-8342-7F3607177B71}.Release|x86.Build.0 = Release|Any CPU
		{E9A70D5A-6ED3-43F2-98B1-15F1ACC89357}.Debug|Any CPU.ActiveCfg = Debug|Any CPU
		{E9A70D5A-6ED3-43F2-98B1-15F1ACC89357}.Debug|Any CPU.Build.0 = Debug|Any CPU
		{E9A70D5A-6ED3-43F2-98B1-15F1ACC89357}.Debug|ARM.ActiveCfg = Debug|Any CPU
		{E9A70D5A-6ED3-43F2-98B1-15F1ACC89357}.Debug|ARM.Build.0 = Debug|Any CPU
		{E9A70D5A-6ED3-43F2-98B1-15F1ACC89357}.Debug|Mixed Platforms.ActiveCfg = Debug|Any CPU
		{E9A70D5A-6ED3-43F2-98B1-15F1ACC89357}.Debug|Mixed Platforms.Build.0 = Debug|Any CPU
		{E9A70D5A-6ED3-43F2-98B1-15F1ACC89357}.Debug|x64.ActiveCfg = Debug|Any CPU
		{E9A70D5A-6ED3-43F2-98B1-15F1ACC89357}.Debug|x64.Build.0 = Debug|Any CPU
		{E9A70D5A-6ED3-43F2-98B1-15F1ACC89357}.Debug|x86.ActiveCfg = Debug|Any CPU
		{E9A70D5A-6ED3-43F2-98B1-15F1ACC89357}.Debug|x86.Build.0 = Debug|Any CPU
		{E9A70D5A-6ED3-43F2-98B1-15F1ACC89357}.Release|Any CPU.ActiveCfg = Release|Any CPU
		{E9A70D5A-6ED3-43F2-98B1-15F1ACC89357}.Release|Any CPU.Build.0 = Release|Any CPU
		{E9A70D5A-6ED3-43F2-98B1-15F1ACC89357}.Release|ARM.ActiveCfg = Release|Any CPU
		{E9A70D5A-6ED3-43F2-98B1-15F1ACC89357}.Release|ARM.Build.0 = Release|Any CPU
		{E9A70D5A-6ED3-43F2-98B1-15F1ACC89357}.Release|Mixed Platforms.ActiveCfg = Release|Any CPU
		{E9A70D5A-6ED3-43F2-98B1-15F1ACC89357}.Release|Mixed Platforms.Build.0 = Release|Any CPU
		{E9A70D5A-6ED3-43F2-98B1-15F1ACC89357}.Release|x64.ActiveCfg = Release|Any CPU
		{E9A70D5A-6ED3-43F2-98B1-15F1ACC89357}.Release|x64.Build.0 = Release|Any CPU
		{E9A70D5A-6ED3-43F2-98B1-15F1ACC89357}.Release|x86.ActiveCfg = Release|Any CPU
		{E9A70D5A-6ED3-43F2-98B1-15F1ACC89357}.Release|x86.Build.0 = Release|Any CPU
		{1AD8C2C0-40CF-4C23-A715-43214CD8DB89}.Debug|Any CPU.ActiveCfg = Debug|Any CPU
		{1AD8C2C0-40CF-4C23-A715-43214CD8DB89}.Debug|Any CPU.Build.0 = Debug|Any CPU
		{1AD8C2C0-40CF-4C23-A715-43214CD8DB89}.Debug|ARM.ActiveCfg = Debug|x86
		{1AD8C2C0-40CF-4C23-A715-43214CD8DB89}.Debug|Mixed Platforms.ActiveCfg = Debug|Any CPU
		{1AD8C2C0-40CF-4C23-A715-43214CD8DB89}.Debug|Mixed Platforms.Build.0 = Debug|Any CPU
		{1AD8C2C0-40CF-4C23-A715-43214CD8DB89}.Debug|x64.ActiveCfg = Debug|x86
		{1AD8C2C0-40CF-4C23-A715-43214CD8DB89}.Debug|x86.ActiveCfg = Debug|x86
		{1AD8C2C0-40CF-4C23-A715-43214CD8DB89}.Debug|x86.Build.0 = Debug|x86
		{1AD8C2C0-40CF-4C23-A715-43214CD8DB89}.Release|Any CPU.ActiveCfg = Release|x86
		{1AD8C2C0-40CF-4C23-A715-43214CD8DB89}.Release|ARM.ActiveCfg = Release|x86
		{1AD8C2C0-40CF-4C23-A715-43214CD8DB89}.Release|Mixed Platforms.ActiveCfg = Release|x86
		{1AD8C2C0-40CF-4C23-A715-43214CD8DB89}.Release|Mixed Platforms.Build.0 = Release|x86
		{1AD8C2C0-40CF-4C23-A715-43214CD8DB89}.Release|x64.ActiveCfg = Release|x86
		{1AD8C2C0-40CF-4C23-A715-43214CD8DB89}.Release|x86.ActiveCfg = Release|x86
		{1AD8C2C0-40CF-4C23-A715-43214CD8DB89}.Release|x86.Build.0 = Release|x86
		{5F603892-DE40-4246-A969-1C6717AFE35D}.Debug|Any CPU.ActiveCfg = Debug|Any CPU
		{5F603892-DE40-4246-A969-1C6717AFE35D}.Debug|Any CPU.Build.0 = Debug|Any CPU
		{5F603892-DE40-4246-A969-1C6717AFE35D}.Debug|ARM.ActiveCfg = Debug|Any CPU
		{5F603892-DE40-4246-A969-1C6717AFE35D}.Debug|ARM.Build.0 = Debug|Any CPU
		{5F603892-DE40-4246-A969-1C6717AFE35D}.Debug|Mixed Platforms.ActiveCfg = Debug|Any CPU
		{5F603892-DE40-4246-A969-1C6717AFE35D}.Debug|Mixed Platforms.Build.0 = Debug|Any CPU
		{5F603892-DE40-4246-A969-1C6717AFE35D}.Debug|x64.ActiveCfg = Debug|Any CPU
		{5F603892-DE40-4246-A969-1C6717AFE35D}.Debug|x64.Build.0 = Debug|Any CPU
		{5F603892-DE40-4246-A969-1C6717AFE35D}.Debug|x86.ActiveCfg = Debug|Any CPU
		{5F603892-DE40-4246-A969-1C6717AFE35D}.Debug|x86.Build.0 = Debug|Any CPU
		{5F603892-DE40-4246-A969-1C6717AFE35D}.Release|Any CPU.ActiveCfg = Release|Any CPU
		{5F603892-DE40-4246-A969-1C6717AFE35D}.Release|Any CPU.Build.0 = Release|Any CPU
		{5F603892-DE40-4246-A969-1C6717AFE35D}.Release|ARM.ActiveCfg = Release|Any CPU
		{5F603892-DE40-4246-A969-1C6717AFE35D}.Release|ARM.Build.0 = Release|Any CPU
		{5F603892-DE40-4246-A969-1C6717AFE35D}.Release|Mixed Platforms.ActiveCfg = Release|Any CPU
		{5F603892-DE40-4246-A969-1C6717AFE35D}.Release|Mixed Platforms.Build.0 = Release|Any CPU
		{5F603892-DE40-4246-A969-1C6717AFE35D}.Release|x64.ActiveCfg = Release|Any CPU
		{5F603892-DE40-4246-A969-1C6717AFE35D}.Release|x64.Build.0 = Release|Any CPU
		{5F603892-DE40-4246-A969-1C6717AFE35D}.Release|x86.ActiveCfg = Release|Any CPU
		{5F603892-DE40-4246-A969-1C6717AFE35D}.Release|x86.Build.0 = Release|Any CPU
		{6E88F38A-029E-4BDE-8CFB-AD4898826FDF}.Debug|Any CPU.ActiveCfg = Debug|Any CPU
		{6E88F38A-029E-4BDE-8CFB-AD4898826FDF}.Debug|Any CPU.Build.0 = Debug|Any CPU
		{6E88F38A-029E-4BDE-8CFB-AD4898826FDF}.Debug|ARM.ActiveCfg = Debug|Any CPU
		{6E88F38A-029E-4BDE-8CFB-AD4898826FDF}.Debug|ARM.Build.0 = Debug|Any CPU
		{6E88F38A-029E-4BDE-8CFB-AD4898826FDF}.Debug|Mixed Platforms.ActiveCfg = Debug|Any CPU
		{6E88F38A-029E-4BDE-8CFB-AD4898826FDF}.Debug|Mixed Platforms.Build.0 = Debug|Any CPU
		{6E88F38A-029E-4BDE-8CFB-AD4898826FDF}.Debug|x64.ActiveCfg = Debug|Any CPU
		{6E88F38A-029E-4BDE-8CFB-AD4898826FDF}.Debug|x64.Build.0 = Debug|Any CPU
		{6E88F38A-029E-4BDE-8CFB-AD4898826FDF}.Debug|x86.ActiveCfg = Debug|Any CPU
		{6E88F38A-029E-4BDE-8CFB-AD4898826FDF}.Debug|x86.Build.0 = Debug|Any CPU
		{6E88F38A-029E-4BDE-8CFB-AD4898826FDF}.Release|Any CPU.ActiveCfg = Release|Any CPU
		{6E88F38A-029E-4BDE-8CFB-AD4898826FDF}.Release|Any CPU.Build.0 = Release|Any CPU
		{6E88F38A-029E-4BDE-8CFB-AD4898826FDF}.Release|ARM.ActiveCfg = Release|Any CPU
		{6E88F38A-029E-4BDE-8CFB-AD4898826FDF}.Release|ARM.Build.0 = Release|Any CPU
		{6E88F38A-029E-4BDE-8CFB-AD4898826FDF}.Release|Mixed Platforms.ActiveCfg = Release|Any CPU
		{6E88F38A-029E-4BDE-8CFB-AD4898826FDF}.Release|Mixed Platforms.Build.0 = Release|Any CPU
		{6E88F38A-029E-4BDE-8CFB-AD4898826FDF}.Release|x64.ActiveCfg = Release|Any CPU
		{6E88F38A-029E-4BDE-8CFB-AD4898826FDF}.Release|x64.Build.0 = Release|Any CPU
		{6E88F38A-029E-4BDE-8CFB-AD4898826FDF}.Release|x86.ActiveCfg = Release|Any CPU
		{6E88F38A-029E-4BDE-8CFB-AD4898826FDF}.Release|x86.Build.0 = Release|Any CPU
		{0231FAF0-6A94-4211-8C62-82043BD747AD}.Debug|Any CPU.ActiveCfg = Debug|Any CPU
		{0231FAF0-6A94-4211-8C62-82043BD747AD}.Debug|Any CPU.Build.0 = Debug|Any CPU
		{0231FAF0-6A94-4211-8C62-82043BD747AD}.Debug|ARM.ActiveCfg = Debug|Any CPU
		{0231FAF0-6A94-4211-8C62-82043BD747AD}.Debug|ARM.Build.0 = Debug|Any CPU
		{0231FAF0-6A94-4211-8C62-82043BD747AD}.Debug|Mixed Platforms.ActiveCfg = Debug|Any CPU
		{0231FAF0-6A94-4211-8C62-82043BD747AD}.Debug|Mixed Platforms.Build.0 = Debug|Any CPU
		{0231FAF0-6A94-4211-8C62-82043BD747AD}.Debug|x64.ActiveCfg = Debug|Any CPU
		{0231FAF0-6A94-4211-8C62-82043BD747AD}.Debug|x64.Build.0 = Debug|Any CPU
		{0231FAF0-6A94-4211-8C62-82043BD747AD}.Debug|x86.ActiveCfg = Debug|Any CPU
		{0231FAF0-6A94-4211-8C62-82043BD747AD}.Debug|x86.Build.0 = Debug|Any CPU
		{0231FAF0-6A94-4211-8C62-82043BD747AD}.Release|Any CPU.ActiveCfg = Release|Any CPU
		{0231FAF0-6A94-4211-8C62-82043BD747AD}.Release|Any CPU.Build.0 = Release|Any CPU
		{0231FAF0-6A94-4211-8C62-82043BD747AD}.Release|ARM.ActiveCfg = Release|Any CPU
		{0231FAF0-6A94-4211-8C62-82043BD747AD}.Release|ARM.Build.0 = Release|Any CPU
		{0231FAF0-6A94-4211-8C62-82043BD747AD}.Release|Mixed Platforms.ActiveCfg = Release|Any CPU
		{0231FAF0-6A94-4211-8C62-82043BD747AD}.Release|Mixed Platforms.Build.0 = Release|Any CPU
		{0231FAF0-6A94-4211-8C62-82043BD747AD}.Release|x64.ActiveCfg = Release|Any CPU
		{0231FAF0-6A94-4211-8C62-82043BD747AD}.Release|x64.Build.0 = Release|Any CPU
		{0231FAF0-6A94-4211-8C62-82043BD747AD}.Release|x86.ActiveCfg = Release|Any CPU
		{0231FAF0-6A94-4211-8C62-82043BD747AD}.Release|x86.Build.0 = Release|Any CPU
		{65B33B00-93CE-484A-8023-7A9BA972D4D1}.Debug|Any CPU.ActiveCfg = Debug|Any CPU
		{65B33B00-93CE-484A-8023-7A9BA972D4D1}.Debug|Any CPU.Build.0 = Debug|Any CPU
		{65B33B00-93CE-484A-8023-7A9BA972D4D1}.Debug|ARM.ActiveCfg = Debug|Any CPU
		{65B33B00-93CE-484A-8023-7A9BA972D4D1}.Debug|ARM.Build.0 = Debug|Any CPU
		{65B33B00-93CE-484A-8023-7A9BA972D4D1}.Debug|Mixed Platforms.ActiveCfg = Debug|Any CPU
		{65B33B00-93CE-484A-8023-7A9BA972D4D1}.Debug|Mixed Platforms.Build.0 = Debug|Any CPU
		{65B33B00-93CE-484A-8023-7A9BA972D4D1}.Debug|x64.ActiveCfg = Debug|Any CPU
		{65B33B00-93CE-484A-8023-7A9BA972D4D1}.Debug|x64.Build.0 = Debug|Any CPU
		{65B33B00-93CE-484A-8023-7A9BA972D4D1}.Debug|x86.ActiveCfg = Debug|Any CPU
		{65B33B00-93CE-484A-8023-7A9BA972D4D1}.Debug|x86.Build.0 = Debug|Any CPU
		{65B33B00-93CE-484A-8023-7A9BA972D4D1}.Release|Any CPU.ActiveCfg = Release|Any CPU
		{65B33B00-93CE-484A-8023-7A9BA972D4D1}.Release|Any CPU.Build.0 = Release|Any CPU
		{65B33B00-93CE-484A-8023-7A9BA972D4D1}.Release|ARM.ActiveCfg = Release|Any CPU
		{65B33B00-93CE-484A-8023-7A9BA972D4D1}.Release|ARM.Build.0 = Release|Any CPU
		{65B33B00-93CE-484A-8023-7A9BA972D4D1}.Release|Mixed Platforms.ActiveCfg = Release|Any CPU
		{65B33B00-93CE-484A-8023-7A9BA972D4D1}.Release|Mixed Platforms.Build.0 = Release|Any CPU
		{65B33B00-93CE-484A-8023-7A9BA972D4D1}.Release|x64.ActiveCfg = Release|Any CPU
		{65B33B00-93CE-484A-8023-7A9BA972D4D1}.Release|x64.Build.0 = Release|Any CPU
		{65B33B00-93CE-484A-8023-7A9BA972D4D1}.Release|x86.ActiveCfg = Release|Any CPU
		{65B33B00-93CE-484A-8023-7A9BA972D4D1}.Release|x86.Build.0 = Release|Any CPU
		{D54FA90D-3C90-42D1-B58D-BC345EC34325}.Debug|Any CPU.ActiveCfg = Debug|Any CPU
		{D54FA90D-3C90-42D1-B58D-BC345EC34325}.Debug|Any CPU.Build.0 = Debug|Any CPU
		{D54FA90D-3C90-42D1-B58D-BC345EC34325}.Debug|ARM.ActiveCfg = Debug|Any CPU
		{D54FA90D-3C90-42D1-B58D-BC345EC34325}.Debug|ARM.Build.0 = Debug|Any CPU
		{D54FA90D-3C90-42D1-B58D-BC345EC34325}.Debug|Mixed Platforms.ActiveCfg = Debug|Any CPU
		{D54FA90D-3C90-42D1-B58D-BC345EC34325}.Debug|Mixed Platforms.Build.0 = Debug|Any CPU
		{D54FA90D-3C90-42D1-B58D-BC345EC34325}.Debug|x64.ActiveCfg = Debug|Any CPU
		{D54FA90D-3C90-42D1-B58D-BC345EC34325}.Debug|x64.Build.0 = Debug|Any CPU
		{D54FA90D-3C90-42D1-B58D-BC345EC34325}.Debug|x86.ActiveCfg = Debug|Any CPU
		{D54FA90D-3C90-42D1-B58D-BC345EC34325}.Debug|x86.Build.0 = Debug|Any CPU
		{D54FA90D-3C90-42D1-B58D-BC345EC34325}.Release|Any CPU.ActiveCfg = Release|Any CPU
		{D54FA90D-3C90-42D1-B58D-BC345EC34325}.Release|Any CPU.Build.0 = Release|Any CPU
		{D54FA90D-3C90-42D1-B58D-BC345EC34325}.Release|ARM.ActiveCfg = Release|Any CPU
		{D54FA90D-3C90-42D1-B58D-BC345EC34325}.Release|ARM.Build.0 = Release|Any CPU
		{D54FA90D-3C90-42D1-B58D-BC345EC34325}.Release|Mixed Platforms.ActiveCfg = Release|Any CPU
		{D54FA90D-3C90-42D1-B58D-BC345EC34325}.Release|Mixed Platforms.Build.0 = Release|Any CPU
		{D54FA90D-3C90-42D1-B58D-BC345EC34325}.Release|x64.ActiveCfg = Release|Any CPU
		{D54FA90D-3C90-42D1-B58D-BC345EC34325}.Release|x64.Build.0 = Release|Any CPU
		{D54FA90D-3C90-42D1-B58D-BC345EC34325}.Release|x86.ActiveCfg = Release|Any CPU
		{D54FA90D-3C90-42D1-B58D-BC345EC34325}.Release|x86.Build.0 = Release|Any CPU
		{785380E0-CEB9-4C34-82E5-60D0E33E848E}.Debug|Any CPU.ActiveCfg = Debug|Any CPU
		{785380E0-CEB9-4C34-82E5-60D0E33E848E}.Debug|Any CPU.Build.0 = Debug|Any CPU
		{785380E0-CEB9-4C34-82E5-60D0E33E848E}.Debug|ARM.ActiveCfg = Debug|Any CPU
		{785380E0-CEB9-4C34-82E5-60D0E33E848E}.Debug|ARM.Build.0 = Debug|Any CPU
		{785380E0-CEB9-4C34-82E5-60D0E33E848E}.Debug|Mixed Platforms.ActiveCfg = Debug|Any CPU
		{785380E0-CEB9-4C34-82E5-60D0E33E848E}.Debug|Mixed Platforms.Build.0 = Debug|Any CPU
		{785380E0-CEB9-4C34-82E5-60D0E33E848E}.Debug|x64.ActiveCfg = Debug|Any CPU
		{785380E0-CEB9-4C34-82E5-60D0E33E848E}.Debug|x64.Build.0 = Debug|Any CPU
		{785380E0-CEB9-4C34-82E5-60D0E33E848E}.Debug|x86.ActiveCfg = Debug|Any CPU
		{785380E0-CEB9-4C34-82E5-60D0E33E848E}.Debug|x86.Build.0 = Debug|Any CPU
		{785380E0-CEB9-4C34-82E5-60D0E33E848E}.Release|Any CPU.ActiveCfg = Release|Any CPU
		{785380E0-CEB9-4C34-82E5-60D0E33E848E}.Release|Any CPU.Build.0 = Release|Any CPU
		{785380E0-CEB9-4C34-82E5-60D0E33E848E}.Release|ARM.ActiveCfg = Release|Any CPU
		{785380E0-CEB9-4C34-82E5-60D0E33E848E}.Release|ARM.Build.0 = Release|Any CPU
		{785380E0-CEB9-4C34-82E5-60D0E33E848E}.Release|Mixed Platforms.ActiveCfg = Release|Any CPU
		{785380E0-CEB9-4C34-82E5-60D0E33E848E}.Release|Mixed Platforms.Build.0 = Release|Any CPU
		{785380E0-CEB9-4C34-82E5-60D0E33E848E}.Release|x64.ActiveCfg = Release|Any CPU
		{785380E0-CEB9-4C34-82E5-60D0E33E848E}.Release|x64.Build.0 = Release|Any CPU
		{785380E0-CEB9-4C34-82E5-60D0E33E848E}.Release|x86.ActiveCfg = Release|Any CPU
		{785380E0-CEB9-4C34-82E5-60D0E33E848E}.Release|x86.Build.0 = Release|Any CPU
		{41236339-3F00-4767-8150-24B22A54E8D5}.Debug|Any CPU.ActiveCfg = Debug|Any CPU
		{41236339-3F00-4767-8150-24B22A54E8D5}.Debug|Any CPU.Build.0 = Debug|Any CPU
		{41236339-3F00-4767-8150-24B22A54E8D5}.Debug|ARM.ActiveCfg = Debug|Any CPU
		{41236339-3F00-4767-8150-24B22A54E8D5}.Debug|ARM.Build.0 = Debug|Any CPU
		{41236339-3F00-4767-8150-24B22A54E8D5}.Debug|Mixed Platforms.ActiveCfg = Debug|Any CPU
		{41236339-3F00-4767-8150-24B22A54E8D5}.Debug|Mixed Platforms.Build.0 = Debug|Any CPU
		{41236339-3F00-4767-8150-24B22A54E8D5}.Debug|x64.ActiveCfg = Debug|Any CPU
		{41236339-3F00-4767-8150-24B22A54E8D5}.Debug|x64.Build.0 = Debug|Any CPU
		{41236339-3F00-4767-8150-24B22A54E8D5}.Debug|x86.ActiveCfg = Debug|Any CPU
		{41236339-3F00-4767-8150-24B22A54E8D5}.Debug|x86.Build.0 = Debug|Any CPU
		{41236339-3F00-4767-8150-24B22A54E8D5}.Release|Any CPU.ActiveCfg = Release|Any CPU
		{41236339-3F00-4767-8150-24B22A54E8D5}.Release|Any CPU.Build.0 = Release|Any CPU
		{41236339-3F00-4767-8150-24B22A54E8D5}.Release|ARM.ActiveCfg = Release|Any CPU
		{41236339-3F00-4767-8150-24B22A54E8D5}.Release|ARM.Build.0 = Release|Any CPU
		{41236339-3F00-4767-8150-24B22A54E8D5}.Release|Mixed Platforms.ActiveCfg = Release|Any CPU
		{41236339-3F00-4767-8150-24B22A54E8D5}.Release|Mixed Platforms.Build.0 = Release|Any CPU
		{41236339-3F00-4767-8150-24B22A54E8D5}.Release|x64.ActiveCfg = Release|Any CPU
		{41236339-3F00-4767-8150-24B22A54E8D5}.Release|x64.Build.0 = Release|Any CPU
		{41236339-3F00-4767-8150-24B22A54E8D5}.Release|x86.ActiveCfg = Release|Any CPU
		{41236339-3F00-4767-8150-24B22A54E8D5}.Release|x86.Build.0 = Release|Any CPU
		{9FE2CAF6-E5EA-4A35-80A8-38956C08025D}.Debug|Any CPU.ActiveCfg = Debug|Any CPU
		{9FE2CAF6-E5EA-4A35-80A8-38956C08025D}.Debug|Any CPU.Build.0 = Debug|Any CPU
		{9FE2CAF6-E5EA-4A35-80A8-38956C08025D}.Debug|ARM.ActiveCfg = Debug|Any CPU
		{9FE2CAF6-E5EA-4A35-80A8-38956C08025D}.Debug|ARM.Build.0 = Debug|Any CPU
		{9FE2CAF6-E5EA-4A35-80A8-38956C08025D}.Debug|Mixed Platforms.ActiveCfg = Debug|Any CPU
		{9FE2CAF6-E5EA-4A35-80A8-38956C08025D}.Debug|Mixed Platforms.Build.0 = Debug|Any CPU
		{9FE2CAF6-E5EA-4A35-80A8-38956C08025D}.Debug|x64.ActiveCfg = Debug|Any CPU
		{9FE2CAF6-E5EA-4A35-80A8-38956C08025D}.Debug|x64.Build.0 = Debug|Any CPU
		{9FE2CAF6-E5EA-4A35-80A8-38956C08025D}.Debug|x86.ActiveCfg = Debug|Any CPU
		{9FE2CAF6-E5EA-4A35-80A8-38956C08025D}.Debug|x86.Build.0 = Debug|Any CPU
		{9FE2CAF6-E5EA-4A35-80A8-38956C08025D}.Release|Any CPU.ActiveCfg = Release|Any CPU
		{9FE2CAF6-E5EA-4A35-80A8-38956C08025D}.Release|Any CPU.Build.0 = Release|Any CPU
		{9FE2CAF6-E5EA-4A35-80A8-38956C08025D}.Release|ARM.ActiveCfg = Release|Any CPU
		{9FE2CAF6-E5EA-4A35-80A8-38956C08025D}.Release|ARM.Build.0 = Release|Any CPU
		{9FE2CAF6-E5EA-4A35-80A8-38956C08025D}.Release|Mixed Platforms.ActiveCfg = Release|Any CPU
		{9FE2CAF6-E5EA-4A35-80A8-38956C08025D}.Release|Mixed Platforms.Build.0 = Release|Any CPU
		{9FE2CAF6-E5EA-4A35-80A8-38956C08025D}.Release|x64.ActiveCfg = Release|Any CPU
		{9FE2CAF6-E5EA-4A35-80A8-38956C08025D}.Release|x64.Build.0 = Release|Any CPU
		{9FE2CAF6-E5EA-4A35-80A8-38956C08025D}.Release|x86.ActiveCfg = Release|Any CPU
		{9FE2CAF6-E5EA-4A35-80A8-38956C08025D}.Release|x86.Build.0 = Release|Any CPU
		{22C05C80-D91F-424F-97B0-860C475FFD76}.Debug|Any CPU.ActiveCfg = Debug|Any CPU
		{22C05C80-D91F-424F-97B0-860C475FFD76}.Debug|Any CPU.Build.0 = Debug|Any CPU
		{22C05C80-D91F-424F-97B0-860C475FFD76}.Debug|ARM.ActiveCfg = Debug|Any CPU
		{22C05C80-D91F-424F-97B0-860C475FFD76}.Debug|ARM.Build.0 = Debug|Any CPU
		{22C05C80-D91F-424F-97B0-860C475FFD76}.Debug|Mixed Platforms.ActiveCfg = Debug|Any CPU
		{22C05C80-D91F-424F-97B0-860C475FFD76}.Debug|Mixed Platforms.Build.0 = Debug|Any CPU
		{22C05C80-D91F-424F-97B0-860C475FFD76}.Debug|x64.ActiveCfg = Debug|Any CPU
		{22C05C80-D91F-424F-97B0-860C475FFD76}.Debug|x64.Build.0 = Debug|Any CPU
		{22C05C80-D91F-424F-97B0-860C475FFD76}.Debug|x86.ActiveCfg = Debug|Any CPU
		{22C05C80-D91F-424F-97B0-860C475FFD76}.Debug|x86.Build.0 = Debug|Any CPU
		{22C05C80-D91F-424F-97B0-860C475FFD76}.Release|Any CPU.ActiveCfg = Release|Any CPU
		{22C05C80-D91F-424F-97B0-860C475FFD76}.Release|Any CPU.Build.0 = Release|Any CPU
		{22C05C80-D91F-424F-97B0-860C475FFD76}.Release|ARM.ActiveCfg = Release|Any CPU
		{22C05C80-D91F-424F-97B0-860C475FFD76}.Release|ARM.Build.0 = Release|Any CPU
		{22C05C80-D91F-424F-97B0-860C475FFD76}.Release|Mixed Platforms.ActiveCfg = Release|Any CPU
		{22C05C80-D91F-424F-97B0-860C475FFD76}.Release|Mixed Platforms.Build.0 = Release|Any CPU
		{22C05C80-D91F-424F-97B0-860C475FFD76}.Release|x64.ActiveCfg = Release|Any CPU
		{22C05C80-D91F-424F-97B0-860C475FFD76}.Release|x64.Build.0 = Release|Any CPU
		{22C05C80-D91F-424F-97B0-860C475FFD76}.Release|x86.ActiveCfg = Release|Any CPU
		{22C05C80-D91F-424F-97B0-860C475FFD76}.Release|x86.Build.0 = Release|Any CPU
		{0E2ADCC8-209E-4FCC-9AC2-D0C7EEA8AC26}.Debug|Any CPU.ActiveCfg = Debug|Any CPU
		{0E2ADCC8-209E-4FCC-9AC2-D0C7EEA8AC26}.Debug|Any CPU.Build.0 = Debug|Any CPU
		{0E2ADCC8-209E-4FCC-9AC2-D0C7EEA8AC26}.Debug|ARM.ActiveCfg = Debug|Any CPU
		{0E2ADCC8-209E-4FCC-9AC2-D0C7EEA8AC26}.Debug|ARM.Build.0 = Debug|Any CPU
		{0E2ADCC8-209E-4FCC-9AC2-D0C7EEA8AC26}.Debug|Mixed Platforms.ActiveCfg = Debug|Any CPU
		{0E2ADCC8-209E-4FCC-9AC2-D0C7EEA8AC26}.Debug|Mixed Platforms.Build.0 = Debug|Any CPU
		{0E2ADCC8-209E-4FCC-9AC2-D0C7EEA8AC26}.Debug|x64.ActiveCfg = Debug|Any CPU
		{0E2ADCC8-209E-4FCC-9AC2-D0C7EEA8AC26}.Debug|x64.Build.0 = Debug|Any CPU
		{0E2ADCC8-209E-4FCC-9AC2-D0C7EEA8AC26}.Debug|x86.ActiveCfg = Debug|Any CPU
		{0E2ADCC8-209E-4FCC-9AC2-D0C7EEA8AC26}.Debug|x86.Build.0 = Debug|Any CPU
		{0E2ADCC8-209E-4FCC-9AC2-D0C7EEA8AC26}.Release|Any CPU.ActiveCfg = Release|Any CPU
		{0E2ADCC8-209E-4FCC-9AC2-D0C7EEA8AC26}.Release|Any CPU.Build.0 = Release|Any CPU
		{0E2ADCC8-209E-4FCC-9AC2-D0C7EEA8AC26}.Release|ARM.ActiveCfg = Release|Any CPU
		{0E2ADCC8-209E-4FCC-9AC2-D0C7EEA8AC26}.Release|ARM.Build.0 = Release|Any CPU
		{0E2ADCC8-209E-4FCC-9AC2-D0C7EEA8AC26}.Release|Mixed Platforms.ActiveCfg = Release|Any CPU
		{0E2ADCC8-209E-4FCC-9AC2-D0C7EEA8AC26}.Release|Mixed Platforms.Build.0 = Release|Any CPU
		{0E2ADCC8-209E-4FCC-9AC2-D0C7EEA8AC26}.Release|x64.ActiveCfg = Release|Any CPU
		{0E2ADCC8-209E-4FCC-9AC2-D0C7EEA8AC26}.Release|x64.Build.0 = Release|Any CPU
		{0E2ADCC8-209E-4FCC-9AC2-D0C7EEA8AC26}.Release|x86.ActiveCfg = Release|Any CPU
		{0E2ADCC8-209E-4FCC-9AC2-D0C7EEA8AC26}.Release|x86.Build.0 = Release|Any CPU
		{209738F7-CDB3-4C11-98A3-E345299D9191}.Debug|Any CPU.ActiveCfg = Debug|Any CPU
		{209738F7-CDB3-4C11-98A3-E345299D9191}.Debug|Any CPU.Build.0 = Debug|Any CPU
		{209738F7-CDB3-4C11-98A3-E345299D9191}.Debug|ARM.ActiveCfg = Debug|Any CPU
		{209738F7-CDB3-4C11-98A3-E345299D9191}.Debug|ARM.Build.0 = Debug|Any CPU
		{209738F7-CDB3-4C11-98A3-E345299D9191}.Debug|Mixed Platforms.ActiveCfg = Debug|Any CPU
		{209738F7-CDB3-4C11-98A3-E345299D9191}.Debug|Mixed Platforms.Build.0 = Debug|Any CPU
		{209738F7-CDB3-4C11-98A3-E345299D9191}.Debug|x64.ActiveCfg = Debug|Any CPU
		{209738F7-CDB3-4C11-98A3-E345299D9191}.Debug|x64.Build.0 = Debug|Any CPU
		{209738F7-CDB3-4C11-98A3-E345299D9191}.Debug|x86.ActiveCfg = Debug|Any CPU
		{209738F7-CDB3-4C11-98A3-E345299D9191}.Debug|x86.Build.0 = Debug|Any CPU
		{209738F7-CDB3-4C11-98A3-E345299D9191}.Release|Any CPU.ActiveCfg = Release|Any CPU
		{209738F7-CDB3-4C11-98A3-E345299D9191}.Release|Any CPU.Build.0 = Release|Any CPU
		{209738F7-CDB3-4C11-98A3-E345299D9191}.Release|ARM.ActiveCfg = Release|Any CPU
		{209738F7-CDB3-4C11-98A3-E345299D9191}.Release|ARM.Build.0 = Release|Any CPU
		{209738F7-CDB3-4C11-98A3-E345299D9191}.Release|Mixed Platforms.ActiveCfg = Release|Any CPU
		{209738F7-CDB3-4C11-98A3-E345299D9191}.Release|Mixed Platforms.Build.0 = Release|Any CPU
		{209738F7-CDB3-4C11-98A3-E345299D9191}.Release|x64.ActiveCfg = Release|Any CPU
		{209738F7-CDB3-4C11-98A3-E345299D9191}.Release|x64.Build.0 = Release|Any CPU
		{209738F7-CDB3-4C11-98A3-E345299D9191}.Release|x86.ActiveCfg = Release|Any CPU
		{209738F7-CDB3-4C11-98A3-E345299D9191}.Release|x86.Build.0 = Release|Any CPU
		{FFB65036-8DD2-4633-B25A-D5A65D7213BD}.Debug|Any CPU.ActiveCfg = Debug|Any CPU
		{FFB65036-8DD2-4633-B25A-D5A65D7213BD}.Debug|Any CPU.Build.0 = Debug|Any CPU
		{FFB65036-8DD2-4633-B25A-D5A65D7213BD}.Debug|ARM.ActiveCfg = Debug|Any CPU
		{FFB65036-8DD2-4633-B25A-D5A65D7213BD}.Debug|ARM.Build.0 = Debug|Any CPU
		{FFB65036-8DD2-4633-B25A-D5A65D7213BD}.Debug|Mixed Platforms.ActiveCfg = Debug|Any CPU
		{FFB65036-8DD2-4633-B25A-D5A65D7213BD}.Debug|Mixed Platforms.Build.0 = Debug|Any CPU
		{FFB65036-8DD2-4633-B25A-D5A65D7213BD}.Debug|x64.ActiveCfg = Debug|Any CPU
		{FFB65036-8DD2-4633-B25A-D5A65D7213BD}.Debug|x64.Build.0 = Debug|Any CPU
		{FFB65036-8DD2-4633-B25A-D5A65D7213BD}.Debug|x86.ActiveCfg = Debug|Any CPU
		{FFB65036-8DD2-4633-B25A-D5A65D7213BD}.Debug|x86.Build.0 = Debug|Any CPU
		{FFB65036-8DD2-4633-B25A-D5A65D7213BD}.Release|Any CPU.ActiveCfg = Release|Any CPU
		{FFB65036-8DD2-4633-B25A-D5A65D7213BD}.Release|Any CPU.Build.0 = Release|Any CPU
		{FFB65036-8DD2-4633-B25A-D5A65D7213BD}.Release|ARM.ActiveCfg = Release|Any CPU
		{FFB65036-8DD2-4633-B25A-D5A65D7213BD}.Release|ARM.Build.0 = Release|Any CPU
		{FFB65036-8DD2-4633-B25A-D5A65D7213BD}.Release|Mixed Platforms.ActiveCfg = Release|Any CPU
		{FFB65036-8DD2-4633-B25A-D5A65D7213BD}.Release|Mixed Platforms.Build.0 = Release|Any CPU
		{FFB65036-8DD2-4633-B25A-D5A65D7213BD}.Release|x64.ActiveCfg = Release|Any CPU
		{FFB65036-8DD2-4633-B25A-D5A65D7213BD}.Release|x64.Build.0 = Release|Any CPU
		{FFB65036-8DD2-4633-B25A-D5A65D7213BD}.Release|x86.ActiveCfg = Release|Any CPU
		{FFB65036-8DD2-4633-B25A-D5A65D7213BD}.Release|x86.Build.0 = Release|Any CPU
		{C47F562B-67A6-4E58-B6CC-C547DE5A61FC}.Debug|Any CPU.ActiveCfg = Debug|Any CPU
		{C47F562B-67A6-4E58-B6CC-C547DE5A61FC}.Debug|Any CPU.Build.0 = Debug|Any CPU
		{C47F562B-67A6-4E58-B6CC-C547DE5A61FC}.Debug|ARM.ActiveCfg = Debug|Any CPU
		{C47F562B-67A6-4E58-B6CC-C547DE5A61FC}.Debug|ARM.Build.0 = Debug|Any CPU
		{C47F562B-67A6-4E58-B6CC-C547DE5A61FC}.Debug|Mixed Platforms.ActiveCfg = Debug|Any CPU
		{C47F562B-67A6-4E58-B6CC-C547DE5A61FC}.Debug|Mixed Platforms.Build.0 = Debug|Any CPU
		{C47F562B-67A6-4E58-B6CC-C547DE5A61FC}.Debug|x64.ActiveCfg = Debug|Any CPU
		{C47F562B-67A6-4E58-B6CC-C547DE5A61FC}.Debug|x64.Build.0 = Debug|Any CPU
		{C47F562B-67A6-4E58-B6CC-C547DE5A61FC}.Debug|x86.ActiveCfg = Debug|Any CPU
		{C47F562B-67A6-4E58-B6CC-C547DE5A61FC}.Debug|x86.Build.0 = Debug|Any CPU
		{C47F562B-67A6-4E58-B6CC-C547DE5A61FC}.Release|Any CPU.ActiveCfg = Release|Any CPU
		{C47F562B-67A6-4E58-B6CC-C547DE5A61FC}.Release|Any CPU.Build.0 = Release|Any CPU
		{C47F562B-67A6-4E58-B6CC-C547DE5A61FC}.Release|ARM.ActiveCfg = Release|Any CPU
		{C47F562B-67A6-4E58-B6CC-C547DE5A61FC}.Release|ARM.Build.0 = Release|Any CPU
		{C47F562B-67A6-4E58-B6CC-C547DE5A61FC}.Release|Mixed Platforms.ActiveCfg = Release|Any CPU
		{C47F562B-67A6-4E58-B6CC-C547DE5A61FC}.Release|Mixed Platforms.Build.0 = Release|Any CPU
		{C47F562B-67A6-4E58-B6CC-C547DE5A61FC}.Release|x64.ActiveCfg = Release|Any CPU
		{C47F562B-67A6-4E58-B6CC-C547DE5A61FC}.Release|x64.Build.0 = Release|Any CPU
		{C47F562B-67A6-4E58-B6CC-C547DE5A61FC}.Release|x86.ActiveCfg = Release|Any CPU
		{C47F562B-67A6-4E58-B6CC-C547DE5A61FC}.Release|x86.Build.0 = Release|Any CPU
		{7A2ECCC8-7762-4A4F-B2F2-11EF555281B7}.Debug|Any CPU.ActiveCfg = Debug|Any CPU
		{7A2ECCC8-7762-4A4F-B2F2-11EF555281B7}.Debug|Any CPU.Build.0 = Debug|Any CPU
		{7A2ECCC8-7762-4A4F-B2F2-11EF555281B7}.Debug|ARM.ActiveCfg = Debug|Any CPU
		{7A2ECCC8-7762-4A4F-B2F2-11EF555281B7}.Debug|ARM.Build.0 = Debug|Any CPU
		{7A2ECCC8-7762-4A4F-B2F2-11EF555281B7}.Debug|Mixed Platforms.ActiveCfg = Debug|Any CPU
		{7A2ECCC8-7762-4A4F-B2F2-11EF555281B7}.Debug|Mixed Platforms.Build.0 = Debug|Any CPU
		{7A2ECCC8-7762-4A4F-B2F2-11EF555281B7}.Debug|x64.ActiveCfg = Debug|Any CPU
		{7A2ECCC8-7762-4A4F-B2F2-11EF555281B7}.Debug|x64.Build.0 = Debug|Any CPU
		{7A2ECCC8-7762-4A4F-B2F2-11EF555281B7}.Debug|x86.ActiveCfg = Debug|Any CPU
		{7A2ECCC8-7762-4A4F-B2F2-11EF555281B7}.Debug|x86.Build.0 = Debug|Any CPU
		{7A2ECCC8-7762-4A4F-B2F2-11EF555281B7}.Release|Any CPU.ActiveCfg = Release|Any CPU
		{7A2ECCC8-7762-4A4F-B2F2-11EF555281B7}.Release|Any CPU.Build.0 = Release|Any CPU
		{7A2ECCC8-7762-4A4F-B2F2-11EF555281B7}.Release|ARM.ActiveCfg = Release|Any CPU
		{7A2ECCC8-7762-4A4F-B2F2-11EF555281B7}.Release|ARM.Build.0 = Release|Any CPU
		{7A2ECCC8-7762-4A4F-B2F2-11EF555281B7}.Release|Mixed Platforms.ActiveCfg = Release|Any CPU
		{7A2ECCC8-7762-4A4F-B2F2-11EF555281B7}.Release|Mixed Platforms.Build.0 = Release|Any CPU
		{7A2ECCC8-7762-4A4F-B2F2-11EF555281B7}.Release|x64.ActiveCfg = Release|Any CPU
		{7A2ECCC8-7762-4A4F-B2F2-11EF555281B7}.Release|x64.Build.0 = Release|Any CPU
		{7A2ECCC8-7762-4A4F-B2F2-11EF555281B7}.Release|x86.ActiveCfg = Release|Any CPU
		{7A2ECCC8-7762-4A4F-B2F2-11EF555281B7}.Release|x86.Build.0 = Release|Any CPU
		{38B77165-5E1C-4CE7-8662-33D8EBF853B1}.Debug|Any CPU.ActiveCfg = Debug|Any CPU
		{38B77165-5E1C-4CE7-8662-33D8EBF853B1}.Debug|Any CPU.Build.0 = Debug|Any CPU
		{38B77165-5E1C-4CE7-8662-33D8EBF853B1}.Debug|ARM.ActiveCfg = Debug|Any CPU
		{38B77165-5E1C-4CE7-8662-33D8EBF853B1}.Debug|ARM.Build.0 = Debug|Any CPU
		{38B77165-5E1C-4CE7-8662-33D8EBF853B1}.Debug|Mixed Platforms.ActiveCfg = Debug|Any CPU
		{38B77165-5E1C-4CE7-8662-33D8EBF853B1}.Debug|Mixed Platforms.Build.0 = Debug|Any CPU
		{38B77165-5E1C-4CE7-8662-33D8EBF853B1}.Debug|x64.ActiveCfg = Debug|Any CPU
		{38B77165-5E1C-4CE7-8662-33D8EBF853B1}.Debug|x64.Build.0 = Debug|Any CPU
		{38B77165-5E1C-4CE7-8662-33D8EBF853B1}.Debug|x86.ActiveCfg = Debug|Any CPU
		{38B77165-5E1C-4CE7-8662-33D8EBF853B1}.Debug|x86.Build.0 = Debug|Any CPU
		{38B77165-5E1C-4CE7-8662-33D8EBF853B1}.Release|Any CPU.ActiveCfg = Release|Any CPU
		{38B77165-5E1C-4CE7-8662-33D8EBF853B1}.Release|Any CPU.Build.0 = Release|Any CPU
		{38B77165-5E1C-4CE7-8662-33D8EBF853B1}.Release|ARM.ActiveCfg = Release|Any CPU
		{38B77165-5E1C-4CE7-8662-33D8EBF853B1}.Release|ARM.Build.0 = Release|Any CPU
		{38B77165-5E1C-4CE7-8662-33D8EBF853B1}.Release|Mixed Platforms.ActiveCfg = Release|Any CPU
		{38B77165-5E1C-4CE7-8662-33D8EBF853B1}.Release|Mixed Platforms.Build.0 = Release|Any CPU
		{38B77165-5E1C-4CE7-8662-33D8EBF853B1}.Release|x64.ActiveCfg = Release|Any CPU
		{38B77165-5E1C-4CE7-8662-33D8EBF853B1}.Release|x64.Build.0 = Release|Any CPU
		{38B77165-5E1C-4CE7-8662-33D8EBF853B1}.Release|x86.ActiveCfg = Release|Any CPU
		{38B77165-5E1C-4CE7-8662-33D8EBF853B1}.Release|x86.Build.0 = Release|Any CPU
		{0EAA90DF-E589-4D77-A584-CD27E07E1695}.Debug|Any CPU.ActiveCfg = Debug
		{0EAA90DF-E589-4D77-A584-CD27E07E1695}.Debug|ARM.ActiveCfg = Debug
		{0EAA90DF-E589-4D77-A584-CD27E07E1695}.Debug|Mixed Platforms.ActiveCfg = Release
		{0EAA90DF-E589-4D77-A584-CD27E07E1695}.Debug|x64.ActiveCfg = Debug
		{0EAA90DF-E589-4D77-A584-CD27E07E1695}.Debug|x86.ActiveCfg = Debug
		{0EAA90DF-E589-4D77-A584-CD27E07E1695}.Release|Any CPU.ActiveCfg = Release
		{0EAA90DF-E589-4D77-A584-CD27E07E1695}.Release|ARM.ActiveCfg = Release
		{0EAA90DF-E589-4D77-A584-CD27E07E1695}.Release|Mixed Platforms.ActiveCfg = Release
		{0EAA90DF-E589-4D77-A584-CD27E07E1695}.Release|x64.ActiveCfg = Release
		{0EAA90DF-E589-4D77-A584-CD27E07E1695}.Release|x86.ActiveCfg = Release
		{7CDA20D4-9BC8-4BC3-9F22-CB86CD4DC3E1}.Debug|Any CPU.ActiveCfg = Debug|Any CPU
		{7CDA20D4-9BC8-4BC3-9F22-CB86CD4DC3E1}.Debug|Any CPU.Build.0 = Debug|Any CPU
		{7CDA20D4-9BC8-4BC3-9F22-CB86CD4DC3E1}.Debug|ARM.ActiveCfg = Debug|Any CPU
		{7CDA20D4-9BC8-4BC3-9F22-CB86CD4DC3E1}.Debug|ARM.Build.0 = Debug|Any CPU
		{7CDA20D4-9BC8-4BC3-9F22-CB86CD4DC3E1}.Debug|Mixed Platforms.ActiveCfg = Debug|Any CPU
		{7CDA20D4-9BC8-4BC3-9F22-CB86CD4DC3E1}.Debug|Mixed Platforms.Build.0 = Debug|Any CPU
		{7CDA20D4-9BC8-4BC3-9F22-CB86CD4DC3E1}.Debug|x64.ActiveCfg = Debug|Any CPU
		{7CDA20D4-9BC8-4BC3-9F22-CB86CD4DC3E1}.Debug|x64.Build.0 = Debug|Any CPU
		{7CDA20D4-9BC8-4BC3-9F22-CB86CD4DC3E1}.Debug|x86.ActiveCfg = Debug|Any CPU
		{7CDA20D4-9BC8-4BC3-9F22-CB86CD4DC3E1}.Debug|x86.Build.0 = Debug|Any CPU
		{7CDA20D4-9BC8-4BC3-9F22-CB86CD4DC3E1}.Release|Any CPU.ActiveCfg = Release|Any CPU
		{7CDA20D4-9BC8-4BC3-9F22-CB86CD4DC3E1}.Release|Any CPU.Build.0 = Release|Any CPU
		{7CDA20D4-9BC8-4BC3-9F22-CB86CD4DC3E1}.Release|ARM.ActiveCfg = Release|Any CPU
		{7CDA20D4-9BC8-4BC3-9F22-CB86CD4DC3E1}.Release|ARM.Build.0 = Release|Any CPU
		{7CDA20D4-9BC8-4BC3-9F22-CB86CD4DC3E1}.Release|Mixed Platforms.ActiveCfg = Release|Any CPU
		{7CDA20D4-9BC8-4BC3-9F22-CB86CD4DC3E1}.Release|Mixed Platforms.Build.0 = Release|Any CPU
		{7CDA20D4-9BC8-4BC3-9F22-CB86CD4DC3E1}.Release|x64.ActiveCfg = Release|Any CPU
		{7CDA20D4-9BC8-4BC3-9F22-CB86CD4DC3E1}.Release|x64.Build.0 = Release|Any CPU
		{7CDA20D4-9BC8-4BC3-9F22-CB86CD4DC3E1}.Release|x86.ActiveCfg = Release|Any CPU
		{7CDA20D4-9BC8-4BC3-9F22-CB86CD4DC3E1}.Release|x86.Build.0 = Release|Any CPU
		{2387F8E3-9743-42F0-8BEF-F3863838F114}.Debug|Any CPU.ActiveCfg = Debug|Any CPU
		{2387F8E3-9743-42F0-8BEF-F3863838F114}.Debug|Any CPU.Build.0 = Debug|Any CPU
		{2387F8E3-9743-42F0-8BEF-F3863838F114}.Debug|ARM.ActiveCfg = Debug|Any CPU
		{2387F8E3-9743-42F0-8BEF-F3863838F114}.Debug|ARM.Build.0 = Debug|Any CPU
		{2387F8E3-9743-42F0-8BEF-F3863838F114}.Debug|Mixed Platforms.ActiveCfg = Debug|Any CPU
		{2387F8E3-9743-42F0-8BEF-F3863838F114}.Debug|Mixed Platforms.Build.0 = Debug|Any CPU
		{2387F8E3-9743-42F0-8BEF-F3863838F114}.Debug|x64.ActiveCfg = Debug|Any CPU
		{2387F8E3-9743-42F0-8BEF-F3863838F114}.Debug|x64.Build.0 = Debug|Any CPU
		{2387F8E3-9743-42F0-8BEF-F3863838F114}.Debug|x86.ActiveCfg = Debug|Any CPU
		{2387F8E3-9743-42F0-8BEF-F3863838F114}.Debug|x86.Build.0 = Debug|Any CPU
		{2387F8E3-9743-42F0-8BEF-F3863838F114}.Release|Any CPU.ActiveCfg = Release|Any CPU
		{2387F8E3-9743-42F0-8BEF-F3863838F114}.Release|Any CPU.Build.0 = Release|Any CPU
		{2387F8E3-9743-42F0-8BEF-F3863838F114}.Release|ARM.ActiveCfg = Release|Any CPU
		{2387F8E3-9743-42F0-8BEF-F3863838F114}.Release|ARM.Build.0 = Release|Any CPU
		{2387F8E3-9743-42F0-8BEF-F3863838F114}.Release|Mixed Platforms.ActiveCfg = Release|Any CPU
		{2387F8E3-9743-42F0-8BEF-F3863838F114}.Release|Mixed Platforms.Build.0 = Release|Any CPU
		{2387F8E3-9743-42F0-8BEF-F3863838F114}.Release|x64.ActiveCfg = Release|Any CPU
		{2387F8E3-9743-42F0-8BEF-F3863838F114}.Release|x64.Build.0 = Release|Any CPU
		{2387F8E3-9743-42F0-8BEF-F3863838F114}.Release|x86.ActiveCfg = Release|Any CPU
		{2387F8E3-9743-42F0-8BEF-F3863838F114}.Release|x86.Build.0 = Release|Any CPU
		{24EBA191-F9E3-47CF-B0FE-865B6243A354}.Debug|Any CPU.ActiveCfg = Debug|Any CPU
		{24EBA191-F9E3-47CF-B0FE-865B6243A354}.Debug|Any CPU.Build.0 = Debug|Any CPU
		{24EBA191-F9E3-47CF-B0FE-865B6243A354}.Debug|ARM.ActiveCfg = Debug|Any CPU
		{24EBA191-F9E3-47CF-B0FE-865B6243A354}.Debug|ARM.Build.0 = Debug|Any CPU
		{24EBA191-F9E3-47CF-B0FE-865B6243A354}.Debug|Mixed Platforms.ActiveCfg = Debug|Any CPU
		{24EBA191-F9E3-47CF-B0FE-865B6243A354}.Debug|Mixed Platforms.Build.0 = Debug|Any CPU
		{24EBA191-F9E3-47CF-B0FE-865B6243A354}.Debug|x64.ActiveCfg = Debug|Any CPU
		{24EBA191-F9E3-47CF-B0FE-865B6243A354}.Debug|x64.Build.0 = Debug|Any CPU
		{24EBA191-F9E3-47CF-B0FE-865B6243A354}.Debug|x86.ActiveCfg = Debug|Any CPU
		{24EBA191-F9E3-47CF-B0FE-865B6243A354}.Debug|x86.Build.0 = Debug|Any CPU
		{24EBA191-F9E3-47CF-B0FE-865B6243A354}.Release|Any CPU.ActiveCfg = Release|Any CPU
		{24EBA191-F9E3-47CF-B0FE-865B6243A354}.Release|Any CPU.Build.0 = Release|Any CPU
		{24EBA191-F9E3-47CF-B0FE-865B6243A354}.Release|ARM.ActiveCfg = Release|Any CPU
		{24EBA191-F9E3-47CF-B0FE-865B6243A354}.Release|ARM.Build.0 = Release|Any CPU
		{24EBA191-F9E3-47CF-B0FE-865B6243A354}.Release|Mixed Platforms.ActiveCfg = Release|Any CPU
		{24EBA191-F9E3-47CF-B0FE-865B6243A354}.Release|Mixed Platforms.Build.0 = Release|Any CPU
		{24EBA191-F9E3-47CF-B0FE-865B6243A354}.Release|x64.ActiveCfg = Release|Any CPU
		{24EBA191-F9E3-47CF-B0FE-865B6243A354}.Release|x64.Build.0 = Release|Any CPU
		{24EBA191-F9E3-47CF-B0FE-865B6243A354}.Release|x86.ActiveCfg = Release|Any CPU
		{24EBA191-F9E3-47CF-B0FE-865B6243A354}.Release|x86.Build.0 = Release|Any CPU
		{82C63C6B-651A-4308-8B89-B4C643F3A7C2}.Debug|Any CPU.ActiveCfg = Debug|Any CPU
		{82C63C6B-651A-4308-8B89-B4C643F3A7C2}.Debug|Any CPU.Build.0 = Debug|Any CPU
		{82C63C6B-651A-4308-8B89-B4C643F3A7C2}.Debug|ARM.ActiveCfg = Debug|Any CPU
		{82C63C6B-651A-4308-8B89-B4C643F3A7C2}.Debug|ARM.Build.0 = Debug|Any CPU
		{82C63C6B-651A-4308-8B89-B4C643F3A7C2}.Debug|Mixed Platforms.ActiveCfg = Debug|Any CPU
		{82C63C6B-651A-4308-8B89-B4C643F3A7C2}.Debug|Mixed Platforms.Build.0 = Debug|Any CPU
		{82C63C6B-651A-4308-8B89-B4C643F3A7C2}.Debug|x64.ActiveCfg = Debug|Any CPU
		{82C63C6B-651A-4308-8B89-B4C643F3A7C2}.Debug|x64.Build.0 = Debug|Any CPU
		{82C63C6B-651A-4308-8B89-B4C643F3A7C2}.Debug|x86.ActiveCfg = Debug|Any CPU
		{82C63C6B-651A-4308-8B89-B4C643F3A7C2}.Debug|x86.Build.0 = Debug|Any CPU
		{82C63C6B-651A-4308-8B89-B4C643F3A7C2}.Release|Any CPU.ActiveCfg = Release|Any CPU
		{82C63C6B-651A-4308-8B89-B4C643F3A7C2}.Release|Any CPU.Build.0 = Release|Any CPU
		{82C63C6B-651A-4308-8B89-B4C643F3A7C2}.Release|ARM.ActiveCfg = Release|Any CPU
		{82C63C6B-651A-4308-8B89-B4C643F3A7C2}.Release|ARM.Build.0 = Release|Any CPU
		{82C63C6B-651A-4308-8B89-B4C643F3A7C2}.Release|Mixed Platforms.ActiveCfg = Release|Any CPU
		{82C63C6B-651A-4308-8B89-B4C643F3A7C2}.Release|Mixed Platforms.Build.0 = Release|Any CPU
		{82C63C6B-651A-4308-8B89-B4C643F3A7C2}.Release|x64.ActiveCfg = Release|Any CPU
		{82C63C6B-651A-4308-8B89-B4C643F3A7C2}.Release|x64.Build.0 = Release|Any CPU
		{82C63C6B-651A-4308-8B89-B4C643F3A7C2}.Release|x86.ActiveCfg = Release|Any CPU
		{82C63C6B-651A-4308-8B89-B4C643F3A7C2}.Release|x86.Build.0 = Release|Any CPU
		{8DABDE62-8A8E-4153-B753-3A62015A9C16}.Debug|Any CPU.ActiveCfg = Debug|Any CPU
		{8DABDE62-8A8E-4153-B753-3A62015A9C16}.Debug|Any CPU.Build.0 = Debug|Any CPU
		{8DABDE62-8A8E-4153-B753-3A62015A9C16}.Debug|ARM.ActiveCfg = Debug|Any CPU
		{8DABDE62-8A8E-4153-B753-3A62015A9C16}.Debug|ARM.Build.0 = Debug|Any CPU
		{8DABDE62-8A8E-4153-B753-3A62015A9C16}.Debug|Mixed Platforms.ActiveCfg = Debug|Any CPU
		{8DABDE62-8A8E-4153-B753-3A62015A9C16}.Debug|Mixed Platforms.Build.0 = Debug|Any CPU
		{8DABDE62-8A8E-4153-B753-3A62015A9C16}.Debug|x64.ActiveCfg = Debug|Any CPU
		{8DABDE62-8A8E-4153-B753-3A62015A9C16}.Debug|x64.Build.0 = Debug|Any CPU
		{8DABDE62-8A8E-4153-B753-3A62015A9C16}.Debug|x86.ActiveCfg = Debug|Any CPU
		{8DABDE62-8A8E-4153-B753-3A62015A9C16}.Debug|x86.Build.0 = Debug|Any CPU
		{8DABDE62-8A8E-4153-B753-3A62015A9C16}.Release|Any CPU.ActiveCfg = Release|Any CPU
		{8DABDE62-8A8E-4153-B753-3A62015A9C16}.Release|Any CPU.Build.0 = Release|Any CPU
		{8DABDE62-8A8E-4153-B753-3A62015A9C16}.Release|ARM.ActiveCfg = Release|Any CPU
		{8DABDE62-8A8E-4153-B753-3A62015A9C16}.Release|ARM.Build.0 = Release|Any CPU
		{8DABDE62-8A8E-4153-B753-3A62015A9C16}.Release|Mixed Platforms.ActiveCfg = Release|Any CPU
		{8DABDE62-8A8E-4153-B753-3A62015A9C16}.Release|Mixed Platforms.Build.0 = Release|Any CPU
		{8DABDE62-8A8E-4153-B753-3A62015A9C16}.Release|x64.ActiveCfg = Release|Any CPU
		{8DABDE62-8A8E-4153-B753-3A62015A9C16}.Release|x64.Build.0 = Release|Any CPU
		{8DABDE62-8A8E-4153-B753-3A62015A9C16}.Release|x86.ActiveCfg = Release|Any CPU
		{8DABDE62-8A8E-4153-B753-3A62015A9C16}.Release|x86.Build.0 = Release|Any CPU
		{E12A7AD9-780B-4ADC-8C08-C7D5FD63C18B}.Debug|Any CPU.ActiveCfg = Debug|Any CPU
		{E12A7AD9-780B-4ADC-8C08-C7D5FD63C18B}.Debug|Any CPU.Build.0 = Debug|Any CPU
		{E12A7AD9-780B-4ADC-8C08-C7D5FD63C18B}.Debug|ARM.ActiveCfg = Debug|Any CPU
		{E12A7AD9-780B-4ADC-8C08-C7D5FD63C18B}.Debug|ARM.Build.0 = Debug|Any CPU
		{E12A7AD9-780B-4ADC-8C08-C7D5FD63C18B}.Debug|Mixed Platforms.ActiveCfg = Debug|Any CPU
		{E12A7AD9-780B-4ADC-8C08-C7D5FD63C18B}.Debug|Mixed Platforms.Build.0 = Debug|Any CPU
		{E12A7AD9-780B-4ADC-8C08-C7D5FD63C18B}.Debug|x64.ActiveCfg = Debug|Any CPU
		{E12A7AD9-780B-4ADC-8C08-C7D5FD63C18B}.Debug|x64.Build.0 = Debug|Any CPU
		{E12A7AD9-780B-4ADC-8C08-C7D5FD63C18B}.Debug|x86.ActiveCfg = Debug|Any CPU
		{E12A7AD9-780B-4ADC-8C08-C7D5FD63C18B}.Debug|x86.Build.0 = Debug|Any CPU
		{E12A7AD9-780B-4ADC-8C08-C7D5FD63C18B}.Release|Any CPU.ActiveCfg = Release|Any CPU
		{E12A7AD9-780B-4ADC-8C08-C7D5FD63C18B}.Release|Any CPU.Build.0 = Release|Any CPU
		{E12A7AD9-780B-4ADC-8C08-C7D5FD63C18B}.Release|ARM.ActiveCfg = Release|Any CPU
		{E12A7AD9-780B-4ADC-8C08-C7D5FD63C18B}.Release|ARM.Build.0 = Release|Any CPU
		{E12A7AD9-780B-4ADC-8C08-C7D5FD63C18B}.Release|Mixed Platforms.ActiveCfg = Release|Any CPU
		{E12A7AD9-780B-4ADC-8C08-C7D5FD63C18B}.Release|Mixed Platforms.Build.0 = Release|Any CPU
		{E12A7AD9-780B-4ADC-8C08-C7D5FD63C18B}.Release|x64.ActiveCfg = Release|Any CPU
		{E12A7AD9-780B-4ADC-8C08-C7D5FD63C18B}.Release|x64.Build.0 = Release|Any CPU
		{E12A7AD9-780B-4ADC-8C08-C7D5FD63C18B}.Release|x86.ActiveCfg = Release|Any CPU
		{E12A7AD9-780B-4ADC-8C08-C7D5FD63C18B}.Release|x86.Build.0 = Release|Any CPU
		{1DD7D04E-0DFB-49BD-AAA2-30128005ACE7}.Debug|Any CPU.ActiveCfg = Debug|Any CPU
		{1DD7D04E-0DFB-49BD-AAA2-30128005ACE7}.Debug|Any CPU.Build.0 = Debug|Any CPU
		{1DD7D04E-0DFB-49BD-AAA2-30128005ACE7}.Debug|ARM.ActiveCfg = Debug|Any CPU
		{1DD7D04E-0DFB-49BD-AAA2-30128005ACE7}.Debug|ARM.Build.0 = Debug|Any CPU
		{1DD7D04E-0DFB-49BD-AAA2-30128005ACE7}.Debug|Mixed Platforms.ActiveCfg = Debug|Any CPU
		{1DD7D04E-0DFB-49BD-AAA2-30128005ACE7}.Debug|Mixed Platforms.Build.0 = Debug|Any CPU
		{1DD7D04E-0DFB-49BD-AAA2-30128005ACE7}.Debug|x64.ActiveCfg = Debug|Any CPU
		{1DD7D04E-0DFB-49BD-AAA2-30128005ACE7}.Debug|x64.Build.0 = Debug|Any CPU
		{1DD7D04E-0DFB-49BD-AAA2-30128005ACE7}.Debug|x86.ActiveCfg = Debug|Any CPU
		{1DD7D04E-0DFB-49BD-AAA2-30128005ACE7}.Debug|x86.Build.0 = Debug|Any CPU
		{1DD7D04E-0DFB-49BD-AAA2-30128005ACE7}.Release|Any CPU.ActiveCfg = Release|Any CPU
		{1DD7D04E-0DFB-49BD-AAA2-30128005ACE7}.Release|Any CPU.Build.0 = Release|Any CPU
		{1DD7D04E-0DFB-49BD-AAA2-30128005ACE7}.Release|ARM.ActiveCfg = Release|Any CPU
		{1DD7D04E-0DFB-49BD-AAA2-30128005ACE7}.Release|ARM.Build.0 = Release|Any CPU
		{1DD7D04E-0DFB-49BD-AAA2-30128005ACE7}.Release|Mixed Platforms.ActiveCfg = Release|Any CPU
		{1DD7D04E-0DFB-49BD-AAA2-30128005ACE7}.Release|Mixed Platforms.Build.0 = Release|Any CPU
		{1DD7D04E-0DFB-49BD-AAA2-30128005ACE7}.Release|x64.ActiveCfg = Release|Any CPU
		{1DD7D04E-0DFB-49BD-AAA2-30128005ACE7}.Release|x64.Build.0 = Release|Any CPU
		{1DD7D04E-0DFB-49BD-AAA2-30128005ACE7}.Release|x86.ActiveCfg = Release|Any CPU
		{1DD7D04E-0DFB-49BD-AAA2-30128005ACE7}.Release|x86.Build.0 = Release|Any CPU
		{7A20CE01-552E-457A-A9C3-18BED244D897}.Debug|Any CPU.ActiveCfg = Debug|Any CPU
		{7A20CE01-552E-457A-A9C3-18BED244D897}.Debug|Any CPU.Build.0 = Debug|Any CPU
		{7A20CE01-552E-457A-A9C3-18BED244D897}.Debug|ARM.ActiveCfg = Debug|Any CPU
		{7A20CE01-552E-457A-A9C3-18BED244D897}.Debug|ARM.Build.0 = Debug|Any CPU
		{7A20CE01-552E-457A-A9C3-18BED244D897}.Debug|Mixed Platforms.ActiveCfg = Debug|Any CPU
		{7A20CE01-552E-457A-A9C3-18BED244D897}.Debug|Mixed Platforms.Build.0 = Debug|Any CPU
		{7A20CE01-552E-457A-A9C3-18BED244D897}.Debug|x64.ActiveCfg = Debug|Any CPU
		{7A20CE01-552E-457A-A9C3-18BED244D897}.Debug|x64.Build.0 = Debug|Any CPU
		{7A20CE01-552E-457A-A9C3-18BED244D897}.Debug|x86.ActiveCfg = Debug|Any CPU
		{7A20CE01-552E-457A-A9C3-18BED244D897}.Debug|x86.Build.0 = Debug|Any CPU
		{7A20CE01-552E-457A-A9C3-18BED244D897}.Release|Any CPU.ActiveCfg = Release|Any CPU
		{7A20CE01-552E-457A-A9C3-18BED244D897}.Release|Any CPU.Build.0 = Release|Any CPU
		{7A20CE01-552E-457A-A9C3-18BED244D897}.Release|ARM.ActiveCfg = Release|Any CPU
		{7A20CE01-552E-457A-A9C3-18BED244D897}.Release|ARM.Build.0 = Release|Any CPU
		{7A20CE01-552E-457A-A9C3-18BED244D897}.Release|Mixed Platforms.ActiveCfg = Release|Any CPU
		{7A20CE01-552E-457A-A9C3-18BED244D897}.Release|Mixed Platforms.Build.0 = Release|Any CPU
		{7A20CE01-552E-457A-A9C3-18BED244D897}.Release|x64.ActiveCfg = Release|Any CPU
		{7A20CE01-552E-457A-A9C3-18BED244D897}.Release|x64.Build.0 = Release|Any CPU
		{7A20CE01-552E-457A-A9C3-18BED244D897}.Release|x86.ActiveCfg = Release|Any CPU
		{7A20CE01-552E-457A-A9C3-18BED244D897}.Release|x86.Build.0 = Release|Any CPU
		{FC6E4877-B949-4522-BD35-116172A20925}.Debug|Any CPU.ActiveCfg = Debug|Any CPU
		{FC6E4877-B949-4522-BD35-116172A20925}.Debug|Any CPU.Build.0 = Debug|Any CPU
		{FC6E4877-B949-4522-BD35-116172A20925}.Debug|ARM.ActiveCfg = Debug|Any CPU
		{FC6E4877-B949-4522-BD35-116172A20925}.Debug|ARM.Build.0 = Debug|Any CPU
		{FC6E4877-B949-4522-BD35-116172A20925}.Debug|Mixed Platforms.ActiveCfg = Debug|Any CPU
		{FC6E4877-B949-4522-BD35-116172A20925}.Debug|Mixed Platforms.Build.0 = Debug|Any CPU
		{FC6E4877-B949-4522-BD35-116172A20925}.Debug|x64.ActiveCfg = Debug|Any CPU
		{FC6E4877-B949-4522-BD35-116172A20925}.Debug|x64.Build.0 = Debug|Any CPU
		{FC6E4877-B949-4522-BD35-116172A20925}.Debug|x86.ActiveCfg = Debug|Any CPU
		{FC6E4877-B949-4522-BD35-116172A20925}.Debug|x86.Build.0 = Debug|Any CPU
		{FC6E4877-B949-4522-BD35-116172A20925}.Release|Any CPU.ActiveCfg = Release|Any CPU
		{FC6E4877-B949-4522-BD35-116172A20925}.Release|Any CPU.Build.0 = Release|Any CPU
		{FC6E4877-B949-4522-BD35-116172A20925}.Release|ARM.ActiveCfg = Release|Any CPU
		{FC6E4877-B949-4522-BD35-116172A20925}.Release|ARM.Build.0 = Release|Any CPU
		{FC6E4877-B949-4522-BD35-116172A20925}.Release|Mixed Platforms.ActiveCfg = Release|Any CPU
		{FC6E4877-B949-4522-BD35-116172A20925}.Release|Mixed Platforms.Build.0 = Release|Any CPU
		{FC6E4877-B949-4522-BD35-116172A20925}.Release|x64.ActiveCfg = Release|Any CPU
		{FC6E4877-B949-4522-BD35-116172A20925}.Release|x64.Build.0 = Release|Any CPU
		{FC6E4877-B949-4522-BD35-116172A20925}.Release|x86.ActiveCfg = Release|Any CPU
		{FC6E4877-B949-4522-BD35-116172A20925}.Release|x86.Build.0 = Release|Any CPU
		{8D3860C1-AD01-43B5-8AA9-14E32E1D2B30}.Debug|Any CPU.ActiveCfg = Debug
		{8D3860C1-AD01-43B5-8AA9-14E32E1D2B30}.Debug|Any CPU.Build.0 = Debug
		{8D3860C1-AD01-43B5-8AA9-14E32E1D2B30}.Debug|ARM.ActiveCfg = Debug
		{8D3860C1-AD01-43B5-8AA9-14E32E1D2B30}.Debug|ARM.Build.0 = Debug
		{8D3860C1-AD01-43B5-8AA9-14E32E1D2B30}.Debug|Mixed Platforms.ActiveCfg = Release
		{8D3860C1-AD01-43B5-8AA9-14E32E1D2B30}.Debug|x64.ActiveCfg = Debug
		{8D3860C1-AD01-43B5-8AA9-14E32E1D2B30}.Debug|x64.Build.0 = Debug
		{8D3860C1-AD01-43B5-8AA9-14E32E1D2B30}.Debug|x86.ActiveCfg = Debug
		{8D3860C1-AD01-43B5-8AA9-14E32E1D2B30}.Debug|x86.Build.0 = Debug
		{8D3860C1-AD01-43B5-8AA9-14E32E1D2B30}.Release|Any CPU.ActiveCfg = Release
		{8D3860C1-AD01-43B5-8AA9-14E32E1D2B30}.Release|Any CPU.Build.0 = Release
		{8D3860C1-AD01-43B5-8AA9-14E32E1D2B30}.Release|ARM.ActiveCfg = Release
		{8D3860C1-AD01-43B5-8AA9-14E32E1D2B30}.Release|ARM.Build.0 = Release
		{8D3860C1-AD01-43B5-8AA9-14E32E1D2B30}.Release|Mixed Platforms.ActiveCfg = Release
		{8D3860C1-AD01-43B5-8AA9-14E32E1D2B30}.Release|Mixed Platforms.Build.0 = Release
		{8D3860C1-AD01-43B5-8AA9-14E32E1D2B30}.Release|x64.ActiveCfg = Release
		{8D3860C1-AD01-43B5-8AA9-14E32E1D2B30}.Release|x64.Build.0 = Release
		{8D3860C1-AD01-43B5-8AA9-14E32E1D2B30}.Release|x86.ActiveCfg = Release
		{8D3860C1-AD01-43B5-8AA9-14E32E1D2B30}.Release|x86.Build.0 = Release
	EndGlobalSection
	GlobalSection(SolutionProperties) = preSolution
		HideSolutionNode = FALSE
	EndGlobalSection
	GlobalSection(NestedProjects) = preSolution
		{8D8A9215-1A12-4970-9CAB-09762D182642} = {2103852C-828A-4D0B-AEB7-0BCE9168AF35}
		{AD3E14F4-72C6-476E-B67F-93CC194E0E02} = {7239374F-E8CD-4AB3-B6FC-181D1525AF71}
		{9764D1BF-A2B3-45D6-AB93-050DCE30830C} = {7239374F-E8CD-4AB3-B6FC-181D1525AF71}
		{5F7F75F6-D383-4B86-9406-EC68C75090C6} = {7239374F-E8CD-4AB3-B6FC-181D1525AF71}
		{515CE0E4-0E37-453D-869E-2A651557389E} = {7239374F-E8CD-4AB3-B6FC-181D1525AF71}
		{B18D348E-0355-4CFD-91A9-FD8D30FE2B74} = {7239374F-E8CD-4AB3-B6FC-181D1525AF71}
		{62C43A87-8703-4264-B7CF-46F7A1A9F918} = {7239374F-E8CD-4AB3-B6FC-181D1525AF71}
		{88087731-387C-4A65-9644-9E17339AB10C} = {7239374F-E8CD-4AB3-B6FC-181D1525AF71}
		{A18F3BFB-3A2B-4191-9AC6-B52958367616} = {7239374F-E8CD-4AB3-B6FC-181D1525AF71}
		{6FE7FFA4-0A03-4891-B796-878EF414AC28} = {7239374F-E8CD-4AB3-B6FC-181D1525AF71}
		{B37DD6B9-7A5E-412B-A45B-05AD0ABF573E} = {7239374F-E8CD-4AB3-B6FC-181D1525AF71}
		{76F7949B-0055-4004-BF34-BDED850AE842} = {BCCCE669-52A8-412E-9639-7DD7AE416B7D}
		{84EC019C-BD16-4774-91D4-E50CFB2E62E3} = {AE4032E0-1F69-423B-89B7-8AC14D6ED859}
		{864D95AD-46AE-4198-B7F3-D5BBE1245208} = {2C886785-68C0-4518-A61D-BE002F0EF494}
		{28044445-E8DD-4041-B534-3FEE5C07237F} = {912C220B-4C7E-4D26-B181-8023F3E884AA}
		{602C8862-99F4-4595-A033-84194DDFE00A} = {31ABDBB2-53AB-4296-A003-E91CECB9CE51}
		{C027BE8A-6935-4525-BB39-A1A2F2F8C0D7} = {31ABDBB2-53AB-4296-A003-E91CECB9CE51}
		{D046772D-CE7A-4245-B490-EC805829837A} = {93773F05-D757-4272-8510-486E919C2018}
		{F53DE883-CBC6-4E3B-9455-0DD480CA6CC1} = {F2584B6B-5FDD-4F8C-8FD8-23E0A348DF13}
		{BEBED159-4DB6-4550-8342-7F3607177B71} = {53B3F288-7428-42E5-9436-E45EB1F373DF}
		{E9A70D5A-6ED3-43F2-98B1-15F1ACC89357} = {F9FDE9D6-5923-4A29-81BF-94A0238CA4C0}
		{1AD8C2C0-40CF-4C23-A715-43214CD8DB89} = {31ABDBB2-53AB-4296-A003-E91CECB9CE51}
		{5F603892-DE40-4246-A969-1C6717AFE35D} = {BCCCE669-52A8-412E-9639-7DD7AE416B7D}
		{6E88F38A-029E-4BDE-8CFB-AD4898826FDF} = {BCCCE669-52A8-412E-9639-7DD7AE416B7D}
		{0231FAF0-6A94-4211-8C62-82043BD747AD} = {BCCCE669-52A8-412E-9639-7DD7AE416B7D}
		{65B33B00-93CE-484A-8023-7A9BA972D4D1} = {14CFC29E-FCF8-42C0-AA2E-9292034B04C0}
		{D54FA90D-3C90-42D1-B58D-BC345EC34325} = {14CFC29E-FCF8-42C0-AA2E-9292034B04C0}
		{785380E0-CEB9-4C34-82E5-60D0E33E848E} = {1E958905-DA17-42F6-B93D-5CE937F29859}
		{41236339-3F00-4767-8150-24B22A54E8D5} = {BE103440-EDD6-44DC-A809-66CC652C000B}
		{9FE2CAF6-E5EA-4A35-80A8-38956C08025D} = {1E958905-DA17-42F6-B93D-5CE937F29859}
		{22C05C80-D91F-424F-97B0-860C475FFD76} = {1E958905-DA17-42F6-B93D-5CE937F29859}
		{0E2ADCC8-209E-4FCC-9AC2-D0C7EEA8AC26} = {1E958905-DA17-42F6-B93D-5CE937F29859}
		{209738F7-CDB3-4C11-98A3-E345299D9191} = {7239374F-E8CD-4AB3-B6FC-181D1525AF71}
		{FFB65036-8DD2-4633-B25A-D5A65D7213BD} = {8A01D9B6-92A4-4C23-9F0C-600389FC3D18}
		{C47F562B-67A6-4E58-B6CC-C547DE5A61FC} = {14CFC29E-FCF8-42C0-AA2E-9292034B04C0}
		{7A2ECCC8-7762-4A4F-B2F2-11EF555281B7} = {14CFC29E-FCF8-42C0-AA2E-9292034B04C0}
		{38B77165-5E1C-4CE7-8662-33D8EBF853B1} = {7239374F-E8CD-4AB3-B6FC-181D1525AF71}
		{0EAA90DF-E589-4D77-A584-CD27E07E1695} = {E380D78C-3BFC-4FCB-B5A1-84CD77C5BF97}
		{7CDA20D4-9BC8-4BC3-9F22-CB86CD4DC3E1} = {841AAC24-D243-4375-A3D6-F4424864F0A4}
		{2387F8E3-9743-42F0-8BEF-F3863838F114} = {841AAC24-D243-4375-A3D6-F4424864F0A4}
		{24EBA191-F9E3-47CF-B0FE-865B6243A354} = {841AAC24-D243-4375-A3D6-F4424864F0A4}
		{82C63C6B-651A-4308-8B89-B4C643F3A7C2} = {841AAC24-D243-4375-A3D6-F4424864F0A4}
		{8DABDE62-8A8E-4153-B753-3A62015A9C16} = {841AAC24-D243-4375-A3D6-F4424864F0A4}
		{E12A7AD9-780B-4ADC-8C08-C7D5FD63C18B} = {841AAC24-D243-4375-A3D6-F4424864F0A4}
		{1DD7D04E-0DFB-49BD-AAA2-30128005ACE7} = {841AAC24-D243-4375-A3D6-F4424864F0A4}
		{7A20CE01-552E-457A-A9C3-18BED244D897} = {841AAC24-D243-4375-A3D6-F4424864F0A4}
		{FC6E4877-B949-4522-BD35-116172A20925} = {841AAC24-D243-4375-A3D6-F4424864F0A4}
		{841AAC24-D243-4375-A3D6-F4424864F0A4} = {31ABDBB2-53AB-4296-A003-E91CECB9CE51}
		{8D3860C1-AD01-43B5-8AA9-14E32E1D2B30} = {E380D78C-3BFC-4FCB-B5A1-84CD77C5BF97}
	EndGlobalSection
	GlobalSection(ExtensibilityGlobals) = postSolution
		SolutionGuid = {3213026E-7FBB-4D9E-901B-23243EDEA58A}
		VisualSVNWorkingCopyRoot = .
	EndGlobalSection
	GlobalSection(SubversionScc) = preSolution
		Svn-Managed = True
		Manager = AnkhSVN - Subversion Support for Visual Studio
	EndGlobalSection
EndGlobal
